// !$*UTF8*$!
{
	archiveVersion = 1;
	classes = {
	};
	objectVersion = 56;
	objects = {

/* Begin PBXBuildFile section */
		8A0521642D7958F800AE5FC4 /* EntryViewController.swift in Sources */ = {isa = PBXBuildFile; fileRef = 8A0521622D7958F800AE5FC4 /* EntryViewController.swift */; };
		8A0521652D7958F800AE5FC4 /* EntryViewController.xib in Resources */ = {isa = PBXBuildFile; fileRef = 8A0521632D7958F800AE5FC4 /* EntryViewController.xib */; };
		8A0521692D79625E00AE5FC4 /* EntryViewController+EntryViewCollectionViews.swift in Sources */ = {isa = PBXBuildFile; fileRef = 8A0521682D79625E00AE5FC4 /* EntryViewController+EntryViewCollectionViews.swift */; };
		8A05216B2D797CA700AE5FC4 /* EntryViewController+TableViewControllers.swift in Sources */ = {isa = PBXBuildFile; fileRef = 8A05216A2D797CA700AE5FC4 /* EntryViewController+TableViewControllers.swift */; };
		8A05216E2D7996FD00AE5FC4 /* EntryTableViewCell.swift in Sources */ = {isa = PBXBuildFile; fileRef = 8A05216C2D7996FD00AE5FC4 /* EntryTableViewCell.swift */; };
		8A05216F2D7996FD00AE5FC4 /* EntryTableViewCell.xib in Resources */ = {isa = PBXBuildFile; fileRef = 8A05216D2D7996FD00AE5FC4 /* EntryTableViewCell.xib */; };
		8A0521722D79A83A00AE5FC4 /* EntryCollectionViewCell.swift in Sources */ = {isa = PBXBuildFile; fileRef = 8A0521702D79A83A00AE5FC4 /* EntryCollectionViewCell.swift */; };
		8A0521732D79A83A00AE5FC4 /* EntryCollectionViewCell.xib in Resources */ = {isa = PBXBuildFile; fileRef = 8A0521712D79A83A00AE5FC4 /* EntryCollectionViewCell.xib */; };
		8A1823592D87D37A007A2E90 /* ImageCatalogueViewCell.xib in Resources */ = {isa = PBXBuildFile; fileRef = 8A1823582D87D37A007A2E90 /* ImageCatalogueViewCell.xib */; };
		8A18235A2D87D37A007A2E90 /* ImageCatalogueViewCell.swift in Sources */ = {isa = PBXBuildFile; fileRef = 8A1823572D87D37A007A2E90 /* ImageCatalogueViewCell.swift */; };
		8A22D91D2D7AC96800F358FD /* Circular.swift in Sources */ = {isa = PBXBuildFile; fileRef = 8A22D91C2D7AC96800F358FD /* Circular.swift */; };
		8A22D91F2D7B19C300F358FD /* TextEnums.swift in Sources */ = {isa = PBXBuildFile; fileRef = 8A22D91E2D7B19C300F358FD /* TextEnums.swift */; };
		8A241DDE2D7FFA19002D7BA8 /* ContactsViewController.xib in Resources */ = {isa = PBXBuildFile; fileRef = 8A241DDD2D7FFA19002D7BA8 /* ContactsViewController.xib */; };
		8A241DDF2D7FFA19002D7BA8 /* ContactsViewController.swift in Sources */ = {isa = PBXBuildFile; fileRef = 8A241DDC2D7FFA19002D7BA8 /* ContactsViewController.swift */; };
		8A241DE22D80196F002D7BA8 /* ContactsView.swift in Sources */ = {isa = PBXBuildFile; fileRef = 8A241DE12D80196F002D7BA8 /* ContactsView.swift */; };
		8A241DE52D803C03002D7BA8 /* FloatingBtn.swift in Sources */ = {isa = PBXBuildFile; fileRef = 8A241DE42D803C03002D7BA8 /* FloatingBtn.swift */; };
		8A241DF02D804994002D7BA8 /* CatalogueViewController.xib in Resources */ = {isa = PBXBuildFile; fileRef = 8A241DEF2D804994002D7BA8 /* CatalogueViewController.xib */; };
		8A241DF12D804994002D7BA8 /* CatalogueViewController.swift in Sources */ = {isa = PBXBuildFile; fileRef = 8A241DEE2D804994002D7BA8 /* CatalogueViewController.swift */; };
		8A2DED8F2D894D900057DFC0 /* GroupDetailViewCell.swift in Sources */ = {isa = PBXBuildFile; fileRef = 8A2DED8D2D894D900057DFC0 /* GroupDetailViewCell.swift */; };
		8A2DED902D894D900057DFC0 /* GroupDetailViewCell.xib in Resources */ = {isa = PBXBuildFile; fileRef = 8A2DED8E2D894D900057DFC0 /* GroupDetailViewCell.xib */; };
		8A2DED962D897B890057DFC0 /* GroupDetailViewController.swift in Sources */ = {isa = PBXBuildFile; fileRef = 8A2DED942D897B890057DFC0 /* GroupDetailViewController.swift */; };
		8A2DED972D897B890057DFC0 /* GroupDetailViewController.xib in Resources */ = {isa = PBXBuildFile; fileRef = 8A2DED952D897B890057DFC0 /* GroupDetailViewController.xib */; };
		8A2E51792D9CFC7800D4A023 /* PopUpViewDelegate.swift in Sources */ = {isa = PBXBuildFile; fileRef = 8A2E51782D9CFC7800D4A023 /* PopUpViewDelegate.swift */; };
		8A2E517D2D9D0B6F00D4A023 /* OTPPopUPVC.xib in Resources */ = {isa = PBXBuildFile; fileRef = 8A2E517C2D9D0B6F00D4A023 /* OTPPopUPVC.xib */; };
		8A2E517E2D9D0B6F00D4A023 /* OTPPopUPVC.swift in Sources */ = {isa = PBXBuildFile; fileRef = 8A2E517B2D9D0B6F00D4A023 /* OTPPopUPVC.swift */; };
		8A2E51802D9D301A00D4A023 /* RegOTPVerificationAPICaller.swift in Sources */ = {isa = PBXBuildFile; fileRef = 8A2E517F2D9D301A00D4A023 /* RegOTPVerificationAPICaller.swift */; };
		8A2E51842D9D3A5500D4A023 /* RegistrationOTPModel.swift in Sources */ = {isa = PBXBuildFile; fileRef = 8A2E51832D9D3A5500D4A023 /* RegistrationOTPModel.swift */; };
		8A2E51862D9D4A0400D4A023 /* OTPViewModel.swift in Sources */ = {isa = PBXBuildFile; fileRef = 8A2E51852D9D4A0400D4A023 /* OTPViewModel.swift */; };
		8A2E51882D9D4C4600D4A023 /* RegistrationOTPRequestModel.swift in Sources */ = {isa = PBXBuildFile; fileRef = 8A2E51872D9D4C4600D4A023 /* RegistrationOTPRequestModel.swift */; };
		8A3128542D9F94A1003FA3B8 /* AddContactApiCaller.swift in Sources */ = {isa = PBXBuildFile; fileRef = 8A3128532D9F94A1003FA3B8 /* AddContactApiCaller.swift */; };
		8A3128562D9F9D1A003FA3B8 /* AddContactResponseModel.swift in Sources */ = {isa = PBXBuildFile; fileRef = 8A3128552D9F9D1A003FA3B8 /* AddContactResponseModel.swift */; };
		8A3128582D9FB2CA003FA3B8 /* AddContactRequestModel.swift in Sources */ = {isa = PBXBuildFile; fileRef = 8A3128572D9FB2CA003FA3B8 /* AddContactRequestModel.swift */; };
		8A31285A2D9FB2F8003FA3B8 /* AddContactViewModel.swift in Sources */ = {isa = PBXBuildFile; fileRef = 8A3128592D9FB2F8003FA3B8 /* AddContactViewModel.swift */; };
		8A31285D2D9FBEE2003FA3B8 /* AddContactViewController.swift in Sources */ = {isa = PBXBuildFile; fileRef = 8A31285B2D9FBEE2003FA3B8 /* AddContactViewController.swift */; };
		8A31285E2D9FBEE2003FA3B8 /* AddContactViewController.xib in Resources */ = {isa = PBXBuildFile; fileRef = 8A31285C2D9FBEE2003FA3B8 /* AddContactViewController.xib */; };
		8A3128612D9FF2AE003FA3B8 /* GetAllContactList.swift in Sources */ = {isa = PBXBuildFile; fileRef = 8A3128602D9FF2AE003FA3B8 /* GetAllContactList.swift */; };
		8A3128642D9FF9FB003FA3B8 /* GetContactResponseModel.swift in Sources */ = {isa = PBXBuildFile; fileRef = 8A3128632D9FF9FB003FA3B8 /* GetContactResponseModel.swift */; };
		8A3128662D9FFFB5003FA3B8 /* AllContactsViewModel.swift in Sources */ = {isa = PBXBuildFile; fileRef = 8A3128652D9FFFB5003FA3B8 /* AllContactsViewModel.swift */; };
		8A3B823B2D87DBF500CFFC37 /* Assets.xcassets in Resources */ = {isa = PBXBuildFile; fileRef = 8A3B823A2D87DBF500CFFC37 /* Assets.xcassets */; };
		8A3B823F2D881B0800CFFC37 /* GroupTableViewCell.swift in Sources */ = {isa = PBXBuildFile; fileRef = 8A3B823D2D881B0800CFFC37 /* GroupTableViewCell.swift */; };
		8A3B82402D881B0800CFFC37 /* GroupTableViewCell.xib in Resources */ = {isa = PBXBuildFile; fileRef = 8A3B823E2D881B0800CFFC37 /* GroupTableViewCell.xib */; };
		8A3B82452D8820B800CFFC37 /* GroupListViewController.swift in Sources */ = {isa = PBXBuildFile; fileRef = 8A3B82432D8820B800CFFC37 /* GroupListViewController.swift */; };
		8A3B82462D8820B800CFFC37 /* GroupListViewController.xib in Resources */ = {isa = PBXBuildFile; fileRef = 8A3B82442D8820B800CFFC37 /* GroupListViewController.xib */; };
		8A3B824A2D88458F00CFFC37 /* NotificationViewCell.xib in Resources */ = {isa = PBXBuildFile; fileRef = 8A3B82492D88458F00CFFC37 /* NotificationViewCell.xib */; };
		8A3B824B2D88458F00CFFC37 /* NotificationViewCell.swift in Sources */ = {isa = PBXBuildFile; fileRef = 8A3B82482D88458F00CFFC37 /* NotificationViewCell.swift */; };
		8A3C02762D9551A700DE941A /* NetworkConstants.swift in Sources */ = {isa = PBXBuildFile; fileRef = 8A3C02752D9551A700DE941A /* NetworkConstants.swift */; };
		8A3C02782D9554F200DE941A /* APICaller.swift in Sources */ = {isa = PBXBuildFile; fileRef = 8A3C02772D9554F200DE941A /* APICaller.swift */; };
		8A3C027C2D955C5300DE941A /* LoginResponseModel.swift in Sources */ = {isa = PBXBuildFile; fileRef = 8A3C027B2D955C5300DE941A /* LoginResponseModel.swift */; };
		8A43538C2D75760600ABB7A0 /* AppDelegate.swift in Sources */ = {isa = PBXBuildFile; fileRef = 8A43538B2D75760600ABB7A0 /* AppDelegate.swift */; };
		8A43538E2D75760600ABB7A0 /* SceneDelegate.swift in Sources */ = {isa = PBXBuildFile; fileRef = 8A43538D2D75760600ABB7A0 /* SceneDelegate.swift */; };
		8A4353902D75760600ABB7A0 /* ViewController.swift in Sources */ = {isa = PBXBuildFile; fileRef = 8A43538F2D75760600ABB7A0 /* ViewController.swift */; };
		8A4353932D75760600ABB7A0 /* Base in Resources */ = {isa = PBXBuildFile; fileRef = 8A4353922D75760600ABB7A0 /* Base */; };
		8A4353982D75760900ABB7A0 /* Base in Resources */ = {isa = PBXBuildFile; fileRef = 8A4353972D75760900ABB7A0 /* Base */; };
		8A4353A22D757D4F00ABB7A0 /* HomeViewController.xib in Resources */ = {isa = PBXBuildFile; fileRef = 8A4353A12D757D4F00ABB7A0 /* HomeViewController.xib */; };
		8A4353A32D757D4F00ABB7A0 /* HomeViewController.swift in Sources */ = {isa = PBXBuildFile; fileRef = 8A4353A02D757D4F00ABB7A0 /* HomeViewController.swift */; };
		8A4353B32D758F4700ABB7A0 /* jost_bold.ttf in Resources */ = {isa = PBXBuildFile; fileRef = 8A4353A42D758F4700ABB7A0 /* jost_bold.ttf */; };
		8A4353B42D758F4700ABB7A0 /* jost_light.ttf in Resources */ = {isa = PBXBuildFile; fileRef = 8A4353A52D758F4700ABB7A0 /* jost_light.ttf */; };
		8A4353B52D758F4700ABB7A0 /* jost_medium.ttf in Resources */ = {isa = PBXBuildFile; fileRef = 8A4353A62D758F4700ABB7A0 /* jost_medium.ttf */; };
		8A4353B62D758F4700ABB7A0 /* jost_regular.ttf in Resources */ = {isa = PBXBuildFile; fileRef = 8A4353A72D758F4700ABB7A0 /* jost_regular.ttf */; };
		8A4353B72D758F4700ABB7A0 /* jost_semi_bold.ttf in Resources */ = {isa = PBXBuildFile; fileRef = 8A4353A82D758F4700ABB7A0 /* jost_semi_bold.ttf */; };
		8A4353B82D758F4700ABB7A0 /* lato_black.ttf in Resources */ = {isa = PBXBuildFile; fileRef = 8A4353A92D758F4700ABB7A0 /* lato_black.ttf */; };
		8A4353B92D758F4700ABB7A0 /* lato_bold.ttf in Resources */ = {isa = PBXBuildFile; fileRef = 8A4353AA2D758F4700ABB7A0 /* lato_bold.ttf */; };
		8A4353BA2D758F4700ABB7A0 /* lato_light.ttf in Resources */ = {isa = PBXBuildFile; fileRef = 8A4353AB2D758F4700ABB7A0 /* lato_light.ttf */; };
		8A4353BB2D758F4700ABB7A0 /* lato_regular.ttf in Resources */ = {isa = PBXBuildFile; fileRef = 8A4353AC2D758F4700ABB7A0 /* lato_regular.ttf */; };
		8A4353BC2D758F4700ABB7A0 /* poppins_bold.ttf in Resources */ = {isa = PBXBuildFile; fileRef = 8A4353AD2D758F4700ABB7A0 /* poppins_bold.ttf */; };
		8A4353BD2D758F4700ABB7A0 /* poppins_light.ttf in Resources */ = {isa = PBXBuildFile; fileRef = 8A4353AE2D758F4700ABB7A0 /* poppins_light.ttf */; };
		8A4353BE2D758F4700ABB7A0 /* poppins_medium.ttf in Resources */ = {isa = PBXBuildFile; fileRef = 8A4353AF2D758F4700ABB7A0 /* poppins_medium.ttf */; };
		8A4353BF2D758F4700ABB7A0 /* poppins_regular.ttf in Resources */ = {isa = PBXBuildFile; fileRef = 8A4353B02D758F4700ABB7A0 /* poppins_regular.ttf */; };
		8A4353C02D758F4700ABB7A0 /* poppins_semi_bold.ttf in Resources */ = {isa = PBXBuildFile; fileRef = 8A4353B12D758F4700ABB7A0 /* poppins_semi_bold.ttf */; };
		8A4353C52D75AA1200ABB7A0 /* RegisterViewController.swift in Sources */ = {isa = PBXBuildFile; fileRef = 8A4353C32D75AA1200ABB7A0 /* RegisterViewController.swift */; };
		8A4353C62D75AA1200ABB7A0 /* RegisterViewController.xib in Resources */ = {isa = PBXBuildFile; fileRef = 8A4353C42D75AA1200ABB7A0 /* RegisterViewController.xib */; };
		8A4353CA2D75BEBC00ABB7A0 /* TestScrollViewController.swift in Sources */ = {isa = PBXBuildFile; fileRef = 8A4353C82D75BEBC00ABB7A0 /* TestScrollViewController.swift */; };
		8A4353CB2D75BEBC00ABB7A0 /* TestScrollViewController.xib in Resources */ = {isa = PBXBuildFile; fileRef = 8A4353C92D75BEBC00ABB7A0 /* TestScrollViewController.xib */; };
		8A48815C2D7849DF00EAB64B /* DashboardView+extension.swift in Sources */ = {isa = PBXBuildFile; fileRef = 8A48815B2D7849DF00EAB64B /* DashboardView+extension.swift */; };
		8A5333352D91151F00B524A7 /* MyAccountDetailsVC.swift in Sources */ = {isa = PBXBuildFile; fileRef = 8A5333332D91151F00B524A7 /* MyAccountDetailsVC.swift */; };
		8A5333362D91151F00B524A7 /* MyAccountDetailsVC.xib in Resources */ = {isa = PBXBuildFile; fileRef = 8A5333342D91151F00B524A7 /* MyAccountDetailsVC.xib */; };
		8A53333A2D913AAC00B524A7 /* AboutUsVC.xib in Resources */ = {isa = PBXBuildFile; fileRef = 8A5333392D913AAC00B524A7 /* AboutUsVC.xib */; };
		8A53333B2D913AAC00B524A7 /* AboutUsVC.swift in Sources */ = {isa = PBXBuildFile; fileRef = 8A5333382D913AAC00B524A7 /* AboutUsVC.swift */; };
		8A53333F2D915BCF00B524A7 /* NotificationDetailsVC.swift in Sources */ = {isa = PBXBuildFile; fileRef = 8A53333D2D915BCF00B524A7 /* NotificationDetailsVC.swift */; };
		8A5333402D915BCF00B524A7 /* NotificationDetailsVC.xib in Resources */ = {isa = PBXBuildFile; fileRef = 8A53333E2D915BCF00B524A7 /* NotificationDetailsVC.xib */; };
		8A6AB5EE2D96573200775D5C /* LoginViewModel.swift in Sources */ = {isa = PBXBuildFile; fileRef = 8A6AB5ED2D96573200775D5C /* LoginViewModel.swift */; };
		8A6AB5F02D966A7500775D5C /* LoginParamsStruct.swift in Sources */ = {isa = PBXBuildFile; fileRef = 8A6AB5EF2D966A7500775D5C /* LoginParamsStruct.swift */; };
		8A6AB5F32D967DFB00775D5C /* AlertView.swift in Sources */ = {isa = PBXBuildFile; fileRef = 8A6AB5F22D967DFB00775D5C /* AlertView.swift */; };
		8A7F31952D9E50CA00288E29 /* LoginPinResponseModel.swift in Sources */ = {isa = PBXBuildFile; fileRef = 8A7F31942D9E50CA00288E29 /* LoginPinResponseModel.swift */; };
		8A7F31972D9E5C5600288E29 /* LoginPinRequestModel.swift in Sources */ = {isa = PBXBuildFile; fileRef = 8A7F31962D9E5C5600288E29 /* LoginPinRequestModel.swift */; };
		8A7F31992D9E5CB600288E29 /* LoginSetPinViewModel.swift in Sources */ = {isa = PBXBuildFile; fileRef = 8A7F31982D9E5CB600288E29 /* LoginSetPinViewModel.swift */; };
		8A7F319B2D9E64C500288E29 /* MoveToNextView.swift in Sources */ = {isa = PBXBuildFile; fileRef = 8A7F319A2D9E64C500288E29 /* MoveToNextView.swift */; };
		8A7F319E2D9E9A2E00288E29 /* KeychainManager.swift in Sources */ = {isa = PBXBuildFile; fileRef = 8A7F319D2D9E9A2E00288E29 /* KeychainManager.swift */; };
		8A9E7D542DA39DA2007CE28A /* DeletePopUpVC.xib in Resources */ = {isa = PBXBuildFile; fileRef = 8A9E7D532DA39DA2007CE28A /* DeletePopUpVC.xib */; };
		8A9E7D552DA39DA2007CE28A /* DeletePopUpVC.swift in Sources */ = {isa = PBXBuildFile; fileRef = 8A9E7D522DA39DA2007CE28A /* DeletePopUpVC.swift */; };
		8A9E7D572DA3A425007CE28A /* DeleteContactApiCaller.swift in Sources */ = {isa = PBXBuildFile; fileRef = 8A9E7D562DA3A425007CE28A /* DeleteContactApiCaller.swift */; };
		8A9E7D5C2DA3A4B9007CE28A /* DeleteContactModel.swift in Sources */ = {isa = PBXBuildFile; fileRef = 8A9E7D5B2DA3A4B9007CE28A /* DeleteContactModel.swift */; };
		8A9E7D5E2DA3B4DB007CE28A /* DeleteContactViewModel.swift in Sources */ = {isa = PBXBuildFile; fileRef = 8A9E7D5D2DA3B4DB007CE28A /* DeleteContactViewModel.swift */; };
		8A9E7D602DA3C0B4007CE28A /* DeleteContactReqModel.swift in Sources */ = {isa = PBXBuildFile; fileRef = 8A9E7D5F2DA3C0B4007CE28A /* DeleteContactReqModel.swift */; };
		8A9E7D622DA3CA87007CE28A /* UpdateUI.swift in Sources */ = {isa = PBXBuildFile; fileRef = 8A9E7D612DA3CA87007CE28A /* UpdateUI.swift */; };
		8A9E7D672DA3E19F007CE28A /* CatalogueListingDataModel.swift in Sources */ = {isa = PBXBuildFile; fileRef = 8A9E7D662DA3E19F007CE28A /* CatalogueListingDataModel.swift */; };
		8A9E7D692DA3E6B2007CE28A /* CatalogueListingApiCaller.swift in Sources */ = {isa = PBXBuildFile; fileRef = 8A9E7D682DA3E6B2007CE28A /* CatalogueListingApiCaller.swift */; };
		8A9E7D6B2DA3F78B007CE28A /* CatalogueListingViewModel.swift in Sources */ = {isa = PBXBuildFile; fileRef = 8A9E7D6A2DA3F78B007CE28A /* CatalogueListingViewModel.swift */; };
		8A9E7D6D2DA3F9C3007CE28A /* CatalogueListingReqModel.swift in Sources */ = {isa = PBXBuildFile; fileRef = 8A9E7D6C2DA3F9C3007CE28A /* CatalogueListingReqModel.swift */; };
		8AA25B932D82A26F0093F3F1 /* SharedCatalogueViewController.xib in Resources */ = {isa = PBXBuildFile; fileRef = 8AA25B922D82A26F0093F3F1 /* SharedCatalogueViewController.xib */; };
		8AA25B942D82A26F0093F3F1 /* SharedCatalogueViewController.swift in Sources */ = {isa = PBXBuildFile; fileRef = 8AA25B912D82A26F0093F3F1 /* SharedCatalogueViewController.swift */; };
		8AA459332D8191D60004938B /* AllCataloguesViewController.swift in Sources */ = {isa = PBXBuildFile; fileRef = 8AA459312D8191D60004938B /* AllCataloguesViewController.swift */; };
		8AA459342D8191D60004938B /* AllCataloguesViewController.xib in Resources */ = {isa = PBXBuildFile; fileRef = 8AA459322D8191D60004938B /* AllCataloguesViewController.xib */; };
		8AB7D6862D76B29F00B291BA /* ExampleViewController.xib in Resources */ = {isa = PBXBuildFile; fileRef = 8AB7D6852D76B29F00B291BA /* ExampleViewController.xib */; };
		8AB7D6872D76B29F00B291BA /* ExampleViewController.swift in Sources */ = {isa = PBXBuildFile; fileRef = 8AB7D6842D76B29F00B291BA /* ExampleViewController.swift */; };
		8ABA8AB62D770848003D4727 /* IQKeyboardManagerSwift in Frameworks */ = {isa = PBXBuildFile; productRef = 8ABA8AB52D770848003D4727 /* IQKeyboardManagerSwift */; };
		8ABA8ABF2D771B69003D4727 /* DashboardViewController.swift in Sources */ = {isa = PBXBuildFile; fileRef = 8ABA8ABD2D771B69003D4727 /* DashboardViewController.swift */; };
		8ABA8AC02D771B69003D4727 /* DashboardViewController.xib in Resources */ = {isa = PBXBuildFile; fileRef = 8ABA8ABE2D771B69003D4727 /* DashboardViewController.xib */; };
		8ABB968F2D8D39960032E6DA /* ProfileViewController.xib in Resources */ = {isa = PBXBuildFile; fileRef = 8ABB968E2D8D39960032E6DA /* ProfileViewController.xib */; };
		8ABB96902D8D39960032E6DA /* ProfileViewController.swift in Sources */ = {isa = PBXBuildFile; fileRef = 8ABB968D2D8D39960032E6DA /* ProfileViewController.swift */; };
		8ABB96942D8D3B660032E6DA /* SideMenuCell.xib in Resources */ = {isa = PBXBuildFile; fileRef = 8ABB96932D8D3B660032E6DA /* SideMenuCell.xib */; };
		8ABB96952D8D3B660032E6DA /* SideMenuCell.swift in Sources */ = {isa = PBXBuildFile; fileRef = 8ABB96922D8D3B660032E6DA /* SideMenuCell.swift */; };
		8ABB96A02D8D702B0032E6DA /* SideMenuManager.swift in Sources */ = {isa = PBXBuildFile; fileRef = 8ABB969F2D8D702B0032E6DA /* SideMenuManager.swift */; };
		8ADA95702D9E435200466249 /* LoginPinSetAPICaller.swift in Sources */ = {isa = PBXBuildFile; fileRef = 8ADA956F2D9E435200466249 /* LoginPinSetAPICaller.swift */; };
		8AEADB542DA6449000BF187E /* WebViewController.swift in Sources */ = {isa = PBXBuildFile; fileRef = 8AEADB532DA6449000BF187E /* WebViewController.swift */; };
		8AF792402D9BA36E00085FEC /* GlobalPopUpVC.xib in Resources */ = {isa = PBXBuildFile; fileRef = 8AF7923F2D9BA36E00085FEC /* GlobalPopUpVC.xib */; };
		8AF792412D9BA36E00085FEC /* GlobalPopUpVC.swift in Sources */ = {isa = PBXBuildFile; fileRef = 8AF7923E2D9BA36E00085FEC /* GlobalPopUpVC.swift */; };
		8AF792442D9BDF0B00085FEC /* RegisterAPICaller.swift in Sources */ = {isa = PBXBuildFile; fileRef = 8AF792432D9BDF0B00085FEC /* RegisterAPICaller.swift */; };
		8AF792462D9BE2FF00085FEC /* RegisterResponseModel.swift in Sources */ = {isa = PBXBuildFile; fileRef = 8AF792452D9BE2FF00085FEC /* RegisterResponseModel.swift */; };
		8AF792482D9BF45800085FEC /* RegisterRequestModel.swift in Sources */ = {isa = PBXBuildFile; fileRef = 8AF792472D9BF45800085FEC /* RegisterRequestModel.swift */; };
		8AF7924A2D9BF95E00085FEC /* RegisterViewModel.swift in Sources */ = {isa = PBXBuildFile; fileRef = 8AF792492D9BF95E00085FEC /* RegisterViewModel.swift */; };
		8AFDE6462DA5336A005AA235 /* EmptyCollView.swift in Sources */ = {isa = PBXBuildFile; fileRef = 8AFDE6452DA5336A005AA235 /* EmptyCollView.swift */; };
/* End PBXBuildFile section */

/* Begin PBXFileReference section */
		8A0521622D7958F800AE5FC4 /* EntryViewController.swift */ = {isa = PBXFileReference; lastKnownFileType = sourcecode.swift; path = EntryViewController.swift; sourceTree = "<group>"; };
		8A0521632D7958F800AE5FC4 /* EntryViewController.xib */ = {isa = PBXFileReference; lastKnownFileType = file.xib; path = EntryViewController.xib; sourceTree = "<group>"; };
		8A0521682D79625E00AE5FC4 /* EntryViewController+EntryViewCollectionViews.swift */ = {isa = PBXFileReference; lastKnownFileType = sourcecode.swift; path = "EntryViewController+EntryViewCollectionViews.swift"; sourceTree = "<group>"; };
		8A05216A2D797CA700AE5FC4 /* EntryViewController+TableViewControllers.swift */ = {isa = PBXFileReference; lastKnownFileType = sourcecode.swift; path = "EntryViewController+TableViewControllers.swift"; sourceTree = "<group>"; };
		8A05216C2D7996FD00AE5FC4 /* EntryTableViewCell.swift */ = {isa = PBXFileReference; lastKnownFileType = sourcecode.swift; path = EntryTableViewCell.swift; sourceTree = "<group>"; };
		8A05216D2D7996FD00AE5FC4 /* EntryTableViewCell.xib */ = {isa = PBXFileReference; lastKnownFileType = file.xib; path = EntryTableViewCell.xib; sourceTree = "<group>"; };
		8A0521702D79A83A00AE5FC4 /* EntryCollectionViewCell.swift */ = {isa = PBXFileReference; lastKnownFileType = sourcecode.swift; path = EntryCollectionViewCell.swift; sourceTree = "<group>"; };
		8A0521712D79A83A00AE5FC4 /* EntryCollectionViewCell.xib */ = {isa = PBXFileReference; lastKnownFileType = file.xib; path = EntryCollectionViewCell.xib; sourceTree = "<group>"; };
		8A1823572D87D37A007A2E90 /* ImageCatalogueViewCell.swift */ = {isa = PBXFileReference; lastKnownFileType = sourcecode.swift; path = ImageCatalogueViewCell.swift; sourceTree = "<group>"; };
		8A1823582D87D37A007A2E90 /* ImageCatalogueViewCell.xib */ = {isa = PBXFileReference; lastKnownFileType = file.xib; path = ImageCatalogueViewCell.xib; sourceTree = "<group>"; };
		8A22D91C2D7AC96800F358FD /* Circular.swift */ = {isa = PBXFileReference; lastKnownFileType = sourcecode.swift; path = Circular.swift; sourceTree = "<group>"; };
		8A22D91E2D7B19C300F358FD /* TextEnums.swift */ = {isa = PBXFileReference; lastKnownFileType = sourcecode.swift; path = TextEnums.swift; sourceTree = "<group>"; };
		8A241DDC2D7FFA19002D7BA8 /* ContactsViewController.swift */ = {isa = PBXFileReference; lastKnownFileType = sourcecode.swift; path = ContactsViewController.swift; sourceTree = "<group>"; };
		8A241DDD2D7FFA19002D7BA8 /* ContactsViewController.xib */ = {isa = PBXFileReference; lastKnownFileType = file.xib; path = ContactsViewController.xib; sourceTree = "<group>"; };
		8A241DE12D80196F002D7BA8 /* ContactsView.swift */ = {isa = PBXFileReference; lastKnownFileType = sourcecode.swift; path = ContactsView.swift; sourceTree = "<group>"; };
		8A241DE42D803C03002D7BA8 /* FloatingBtn.swift */ = {isa = PBXFileReference; lastKnownFileType = sourcecode.swift; path = FloatingBtn.swift; sourceTree = "<group>"; };
		8A241DEE2D804994002D7BA8 /* CatalogueViewController.swift */ = {isa = PBXFileReference; lastKnownFileType = sourcecode.swift; path = CatalogueViewController.swift; sourceTree = "<group>"; };
		8A241DEF2D804994002D7BA8 /* CatalogueViewController.xib */ = {isa = PBXFileReference; lastKnownFileType = file.xib; path = CatalogueViewController.xib; sourceTree = "<group>"; };
		8A2DED8D2D894D900057DFC0 /* GroupDetailViewCell.swift */ = {isa = PBXFileReference; lastKnownFileType = sourcecode.swift; path = GroupDetailViewCell.swift; sourceTree = "<group>"; };
		8A2DED8E2D894D900057DFC0 /* GroupDetailViewCell.xib */ = {isa = PBXFileReference; lastKnownFileType = file.xib; path = GroupDetailViewCell.xib; sourceTree = "<group>"; };
		8A2DED942D897B890057DFC0 /* GroupDetailViewController.swift */ = {isa = PBXFileReference; lastKnownFileType = sourcecode.swift; path = GroupDetailViewController.swift; sourceTree = "<group>"; };
		8A2DED952D897B890057DFC0 /* GroupDetailViewController.xib */ = {isa = PBXFileReference; lastKnownFileType = file.xib; path = GroupDetailViewController.xib; sourceTree = "<group>"; };
		8A2E51782D9CFC7800D4A023 /* PopUpViewDelegate.swift */ = {isa = PBXFileReference; lastKnownFileType = sourcecode.swift; path = PopUpViewDelegate.swift; sourceTree = "<group>"; };
		8A2E517B2D9D0B6F00D4A023 /* OTPPopUPVC.swift */ = {isa = PBXFileReference; lastKnownFileType = sourcecode.swift; path = OTPPopUPVC.swift; sourceTree = "<group>"; };
		8A2E517C2D9D0B6F00D4A023 /* OTPPopUPVC.xib */ = {isa = PBXFileReference; lastKnownFileType = file.xib; path = OTPPopUPVC.xib; sourceTree = "<group>"; };
		8A2E517F2D9D301A00D4A023 /* RegOTPVerificationAPICaller.swift */ = {isa = PBXFileReference; lastKnownFileType = sourcecode.swift; path = RegOTPVerificationAPICaller.swift; sourceTree = "<group>"; };
		8A2E51832D9D3A5500D4A023 /* RegistrationOTPModel.swift */ = {isa = PBXFileReference; lastKnownFileType = sourcecode.swift; path = RegistrationOTPModel.swift; sourceTree = "<group>"; };
		8A2E51852D9D4A0400D4A023 /* OTPViewModel.swift */ = {isa = PBXFileReference; lastKnownFileType = sourcecode.swift; path = OTPViewModel.swift; sourceTree = "<group>"; };
		8A2E51872D9D4C4600D4A023 /* RegistrationOTPRequestModel.swift */ = {isa = PBXFileReference; lastKnownFileType = sourcecode.swift; path = RegistrationOTPRequestModel.swift; sourceTree = "<group>"; };
		8A3128532D9F94A1003FA3B8 /* AddContactApiCaller.swift */ = {isa = PBXFileReference; lastKnownFileType = sourcecode.swift; path = AddContactApiCaller.swift; sourceTree = "<group>"; };
		8A3128552D9F9D1A003FA3B8 /* AddContactResponseModel.swift */ = {isa = PBXFileReference; lastKnownFileType = sourcecode.swift; path = AddContactResponseModel.swift; sourceTree = "<group>"; };
		8A3128572D9FB2CA003FA3B8 /* AddContactRequestModel.swift */ = {isa = PBXFileReference; lastKnownFileType = sourcecode.swift; path = AddContactRequestModel.swift; sourceTree = "<group>"; };
		8A3128592D9FB2F8003FA3B8 /* AddContactViewModel.swift */ = {isa = PBXFileReference; lastKnownFileType = sourcecode.swift; path = AddContactViewModel.swift; sourceTree = "<group>"; };
		8A31285B2D9FBEE2003FA3B8 /* AddContactViewController.swift */ = {isa = PBXFileReference; lastKnownFileType = sourcecode.swift; path = AddContactViewController.swift; sourceTree = "<group>"; };
		8A31285C2D9FBEE2003FA3B8 /* AddContactViewController.xib */ = {isa = PBXFileReference; lastKnownFileType = file.xib; path = AddContactViewController.xib; sourceTree = "<group>"; };
		8A3128602D9FF2AE003FA3B8 /* GetAllContactList.swift */ = {isa = PBXFileReference; lastKnownFileType = sourcecode.swift; path = GetAllContactList.swift; sourceTree = "<group>"; };
		8A3128632D9FF9FB003FA3B8 /* GetContactResponseModel.swift */ = {isa = PBXFileReference; lastKnownFileType = sourcecode.swift; path = GetContactResponseModel.swift; sourceTree = "<group>"; };
		8A3128652D9FFFB5003FA3B8 /* AllContactsViewModel.swift */ = {isa = PBXFileReference; lastKnownFileType = sourcecode.swift; path = AllContactsViewModel.swift; sourceTree = "<group>"; };
		8A3B823A2D87DBF500CFFC37 /* Assets.xcassets */ = {isa = PBXFileReference; lastKnownFileType = folder.assetcatalog; path = Assets.xcassets; sourceTree = "<group>"; };
		8A3B823D2D881B0800CFFC37 /* GroupTableViewCell.swift */ = {isa = PBXFileReference; lastKnownFileType = sourcecode.swift; path = GroupTableViewCell.swift; sourceTree = "<group>"; };
		8A3B823E2D881B0800CFFC37 /* GroupTableViewCell.xib */ = {isa = PBXFileReference; lastKnownFileType = file.xib; path = GroupTableViewCell.xib; sourceTree = "<group>"; };
		8A3B82432D8820B800CFFC37 /* GroupListViewController.swift */ = {isa = PBXFileReference; lastKnownFileType = sourcecode.swift; path = GroupListViewController.swift; sourceTree = "<group>"; };
		8A3B82442D8820B800CFFC37 /* GroupListViewController.xib */ = {isa = PBXFileReference; lastKnownFileType = file.xib; path = GroupListViewController.xib; sourceTree = "<group>"; };
		8A3B82482D88458F00CFFC37 /* NotificationViewCell.swift */ = {isa = PBXFileReference; lastKnownFileType = sourcecode.swift; path = NotificationViewCell.swift; sourceTree = "<group>"; };
		8A3B82492D88458F00CFFC37 /* NotificationViewCell.xib */ = {isa = PBXFileReference; lastKnownFileType = file.xib; path = NotificationViewCell.xib; sourceTree = "<group>"; };
		8A3C02752D9551A700DE941A /* NetworkConstants.swift */ = {isa = PBXFileReference; lastKnownFileType = sourcecode.swift; path = NetworkConstants.swift; sourceTree = "<group>"; };
		8A3C02772D9554F200DE941A /* APICaller.swift */ = {isa = PBXFileReference; lastKnownFileType = sourcecode.swift; path = APICaller.swift; sourceTree = "<group>"; };
		8A3C027B2D955C5300DE941A /* LoginResponseModel.swift */ = {isa = PBXFileReference; lastKnownFileType = sourcecode.swift; path = LoginResponseModel.swift; sourceTree = "<group>"; };
		8A4353882D75760600ABB7A0 /* Emotipics.app */ = {isa = PBXFileReference; explicitFileType = wrapper.application; includeInIndex = 0; path = Emotipics.app; sourceTree = BUILT_PRODUCTS_DIR; };
		8A43538B2D75760600ABB7A0 /* AppDelegate.swift */ = {isa = PBXFileReference; lastKnownFileType = sourcecode.swift; path = AppDelegate.swift; sourceTree = "<group>"; };
		8A43538D2D75760600ABB7A0 /* SceneDelegate.swift */ = {isa = PBXFileReference; lastKnownFileType = sourcecode.swift; path = SceneDelegate.swift; sourceTree = "<group>"; };
		8A43538F2D75760600ABB7A0 /* ViewController.swift */ = {isa = PBXFileReference; lastKnownFileType = sourcecode.swift; path = ViewController.swift; sourceTree = "<group>"; };
		8A4353922D75760600ABB7A0 /* Base */ = {isa = PBXFileReference; lastKnownFileType = file.storyboard; name = Base; path = Base.lproj/Main.storyboard; sourceTree = "<group>"; };
		8A4353972D75760900ABB7A0 /* Base */ = {isa = PBXFileReference; lastKnownFileType = file.storyboard; name = Base; path = Base.lproj/LaunchScreen.storyboard; sourceTree = "<group>"; };
		8A4353992D75760900ABB7A0 /* Info.plist */ = {isa = PBXFileReference; lastKnownFileType = text.plist.xml; path = Info.plist; sourceTree = "<group>"; };
		8A4353A02D757D4F00ABB7A0 /* HomeViewController.swift */ = {isa = PBXFileReference; lastKnownFileType = sourcecode.swift; path = HomeViewController.swift; sourceTree = "<group>"; };
		8A4353A12D757D4F00ABB7A0 /* HomeViewController.xib */ = {isa = PBXFileReference; lastKnownFileType = file.xib; path = HomeViewController.xib; sourceTree = "<group>"; };
		8A4353A42D758F4700ABB7A0 /* jost_bold.ttf */ = {isa = PBXFileReference; lastKnownFileType = file; path = jost_bold.ttf; sourceTree = "<group>"; };
		8A4353A52D758F4700ABB7A0 /* jost_light.ttf */ = {isa = PBXFileReference; lastKnownFileType = file; path = jost_light.ttf; sourceTree = "<group>"; };
		8A4353A62D758F4700ABB7A0 /* jost_medium.ttf */ = {isa = PBXFileReference; lastKnownFileType = file; path = jost_medium.ttf; sourceTree = "<group>"; };
		8A4353A72D758F4700ABB7A0 /* jost_regular.ttf */ = {isa = PBXFileReference; lastKnownFileType = file; path = jost_regular.ttf; sourceTree = "<group>"; };
		8A4353A82D758F4700ABB7A0 /* jost_semi_bold.ttf */ = {isa = PBXFileReference; lastKnownFileType = file; path = jost_semi_bold.ttf; sourceTree = "<group>"; };
		8A4353A92D758F4700ABB7A0 /* lato_black.ttf */ = {isa = PBXFileReference; lastKnownFileType = file; path = lato_black.ttf; sourceTree = "<group>"; };
		8A4353AA2D758F4700ABB7A0 /* lato_bold.ttf */ = {isa = PBXFileReference; lastKnownFileType = file; path = lato_bold.ttf; sourceTree = "<group>"; };
		8A4353AB2D758F4700ABB7A0 /* lato_light.ttf */ = {isa = PBXFileReference; lastKnownFileType = file; path = lato_light.ttf; sourceTree = "<group>"; };
		8A4353AC2D758F4700ABB7A0 /* lato_regular.ttf */ = {isa = PBXFileReference; lastKnownFileType = file; path = lato_regular.ttf; sourceTree = "<group>"; };
		8A4353AD2D758F4700ABB7A0 /* poppins_bold.ttf */ = {isa = PBXFileReference; lastKnownFileType = file; path = poppins_bold.ttf; sourceTree = "<group>"; };
		8A4353AE2D758F4700ABB7A0 /* poppins_light.ttf */ = {isa = PBXFileReference; lastKnownFileType = file; path = poppins_light.ttf; sourceTree = "<group>"; };
		8A4353AF2D758F4700ABB7A0 /* poppins_medium.ttf */ = {isa = PBXFileReference; lastKnownFileType = file; path = poppins_medium.ttf; sourceTree = "<group>"; };
		8A4353B02D758F4700ABB7A0 /* poppins_regular.ttf */ = {isa = PBXFileReference; lastKnownFileType = file; path = poppins_regular.ttf; sourceTree = "<group>"; };
		8A4353B12D758F4700ABB7A0 /* poppins_semi_bold.ttf */ = {isa = PBXFileReference; lastKnownFileType = file; path = poppins_semi_bold.ttf; sourceTree = "<group>"; };
		8A4353C32D75AA1200ABB7A0 /* RegisterViewController.swift */ = {isa = PBXFileReference; lastKnownFileType = sourcecode.swift; path = RegisterViewController.swift; sourceTree = "<group>"; };
		8A4353C42D75AA1200ABB7A0 /* RegisterViewController.xib */ = {isa = PBXFileReference; lastKnownFileType = file.xib; path = RegisterViewController.xib; sourceTree = "<group>"; };
		8A4353C82D75BEBC00ABB7A0 /* TestScrollViewController.swift */ = {isa = PBXFileReference; lastKnownFileType = sourcecode.swift; path = TestScrollViewController.swift; sourceTree = "<group>"; };
		8A4353C92D75BEBC00ABB7A0 /* TestScrollViewController.xib */ = {isa = PBXFileReference; lastKnownFileType = file.xib; path = TestScrollViewController.xib; sourceTree = "<group>"; };
		8A48815B2D7849DF00EAB64B /* DashboardView+extension.swift */ = {isa = PBXFileReference; lastKnownFileType = sourcecode.swift; path = "DashboardView+extension.swift"; sourceTree = "<group>"; };
		8A5333332D91151F00B524A7 /* MyAccountDetailsVC.swift */ = {isa = PBXFileReference; lastKnownFileType = sourcecode.swift; path = MyAccountDetailsVC.swift; sourceTree = "<group>"; };
		8A5333342D91151F00B524A7 /* MyAccountDetailsVC.xib */ = {isa = PBXFileReference; lastKnownFileType = file.xib; path = MyAccountDetailsVC.xib; sourceTree = "<group>"; };
		8A5333382D913AAC00B524A7 /* AboutUsVC.swift */ = {isa = PBXFileReference; lastKnownFileType = sourcecode.swift; path = AboutUsVC.swift; sourceTree = "<group>"; };
		8A5333392D913AAC00B524A7 /* AboutUsVC.xib */ = {isa = PBXFileReference; lastKnownFileType = file.xib; path = AboutUsVC.xib; sourceTree = "<group>"; };
		8A53333D2D915BCF00B524A7 /* NotificationDetailsVC.swift */ = {isa = PBXFileReference; lastKnownFileType = sourcecode.swift; path = NotificationDetailsVC.swift; sourceTree = "<group>"; };
		8A53333E2D915BCF00B524A7 /* NotificationDetailsVC.xib */ = {isa = PBXFileReference; lastKnownFileType = file.xib; path = NotificationDetailsVC.xib; sourceTree = "<group>"; };
		8A6AB5ED2D96573200775D5C /* LoginViewModel.swift */ = {isa = PBXFileReference; lastKnownFileType = sourcecode.swift; path = LoginViewModel.swift; sourceTree = "<group>"; };
		8A6AB5EF2D966A7500775D5C /* LoginParamsStruct.swift */ = {isa = PBXFileReference; lastKnownFileType = sourcecode.swift; path = LoginParamsStruct.swift; sourceTree = "<group>"; };
		8A6AB5F22D967DFB00775D5C /* AlertView.swift */ = {isa = PBXFileReference; lastKnownFileType = sourcecode.swift; path = AlertView.swift; sourceTree = "<group>"; };
		8A7F31942D9E50CA00288E29 /* LoginPinResponseModel.swift */ = {isa = PBXFileReference; lastKnownFileType = sourcecode.swift; path = LoginPinResponseModel.swift; sourceTree = "<group>"; };
		8A7F31962D9E5C5600288E29 /* LoginPinRequestModel.swift */ = {isa = PBXFileReference; lastKnownFileType = sourcecode.swift; path = LoginPinRequestModel.swift; sourceTree = "<group>"; };
		8A7F31982D9E5CB600288E29 /* LoginSetPinViewModel.swift */ = {isa = PBXFileReference; lastKnownFileType = sourcecode.swift; path = LoginSetPinViewModel.swift; sourceTree = "<group>"; };
		8A7F319A2D9E64C500288E29 /* MoveToNextView.swift */ = {isa = PBXFileReference; lastKnownFileType = sourcecode.swift; path = MoveToNextView.swift; sourceTree = "<group>"; };
		8A7F319D2D9E9A2E00288E29 /* KeychainManager.swift */ = {isa = PBXFileReference; lastKnownFileType = sourcecode.swift; path = KeychainManager.swift; sourceTree = "<group>"; };
		8A9E7D522DA39DA2007CE28A /* DeletePopUpVC.swift */ = {isa = PBXFileReference; lastKnownFileType = sourcecode.swift; path = DeletePopUpVC.swift; sourceTree = "<group>"; };
		8A9E7D532DA39DA2007CE28A /* DeletePopUpVC.xib */ = {isa = PBXFileReference; lastKnownFileType = file.xib; path = DeletePopUpVC.xib; sourceTree = "<group>"; };
		8A9E7D562DA3A425007CE28A /* DeleteContactApiCaller.swift */ = {isa = PBXFileReference; lastKnownFileType = sourcecode.swift; path = DeleteContactApiCaller.swift; sourceTree = "<group>"; };
		8A9E7D5B2DA3A4B9007CE28A /* DeleteContactModel.swift */ = {isa = PBXFileReference; lastKnownFileType = sourcecode.swift; path = DeleteContactModel.swift; sourceTree = "<group>"; };
		8A9E7D5D2DA3B4DB007CE28A /* DeleteContactViewModel.swift */ = {isa = PBXFileReference; lastKnownFileType = sourcecode.swift; path = DeleteContactViewModel.swift; sourceTree = "<group>"; };
		8A9E7D5F2DA3C0B4007CE28A /* DeleteContactReqModel.swift */ = {isa = PBXFileReference; lastKnownFileType = sourcecode.swift; path = DeleteContactReqModel.swift; sourceTree = "<group>"; };
		8A9E7D612DA3CA87007CE28A /* UpdateUI.swift */ = {isa = PBXFileReference; lastKnownFileType = sourcecode.swift; path = UpdateUI.swift; sourceTree = "<group>"; };
		8A9E7D662DA3E19F007CE28A /* CatalogueListingDataModel.swift */ = {isa = PBXFileReference; lastKnownFileType = sourcecode.swift; path = CatalogueListingDataModel.swift; sourceTree = "<group>"; };
		8A9E7D682DA3E6B2007CE28A /* CatalogueListingApiCaller.swift */ = {isa = PBXFileReference; lastKnownFileType = sourcecode.swift; path = CatalogueListingApiCaller.swift; sourceTree = "<group>"; };
		8A9E7D6A2DA3F78B007CE28A /* CatalogueListingViewModel.swift */ = {isa = PBXFileReference; lastKnownFileType = sourcecode.swift; path = CatalogueListingViewModel.swift; sourceTree = "<group>"; };
		8A9E7D6C2DA3F9C3007CE28A /* CatalogueListingReqModel.swift */ = {isa = PBXFileReference; lastKnownFileType = sourcecode.swift; path = CatalogueListingReqModel.swift; sourceTree = "<group>"; };
		8AA25B912D82A26F0093F3F1 /* SharedCatalogueViewController.swift */ = {isa = PBXFileReference; lastKnownFileType = sourcecode.swift; path = SharedCatalogueViewController.swift; sourceTree = "<group>"; };
		8AA25B922D82A26F0093F3F1 /* SharedCatalogueViewController.xib */ = {isa = PBXFileReference; lastKnownFileType = file.xib; path = SharedCatalogueViewController.xib; sourceTree = "<group>"; };
		8AA459312D8191D60004938B /* AllCataloguesViewController.swift */ = {isa = PBXFileReference; lastKnownFileType = sourcecode.swift; path = AllCataloguesViewController.swift; sourceTree = "<group>"; };
		8AA459322D8191D60004938B /* AllCataloguesViewController.xib */ = {isa = PBXFileReference; lastKnownFileType = file.xib; path = AllCataloguesViewController.xib; sourceTree = "<group>"; };
		8AB7D6842D76B29F00B291BA /* ExampleViewController.swift */ = {isa = PBXFileReference; lastKnownFileType = sourcecode.swift; path = ExampleViewController.swift; sourceTree = "<group>"; };
		8AB7D6852D76B29F00B291BA /* ExampleViewController.xib */ = {isa = PBXFileReference; lastKnownFileType = file.xib; path = ExampleViewController.xib; sourceTree = "<group>"; };
		8ABA8ABD2D771B69003D4727 /* DashboardViewController.swift */ = {isa = PBXFileReference; lastKnownFileType = sourcecode.swift; path = DashboardViewController.swift; sourceTree = "<group>"; };
		8ABA8ABE2D771B69003D4727 /* DashboardViewController.xib */ = {isa = PBXFileReference; lastKnownFileType = file.xib; path = DashboardViewController.xib; sourceTree = "<group>"; };
		8ABB968D2D8D39960032E6DA /* ProfileViewController.swift */ = {isa = PBXFileReference; lastKnownFileType = sourcecode.swift; path = ProfileViewController.swift; sourceTree = "<group>"; };
		8ABB968E2D8D39960032E6DA /* ProfileViewController.xib */ = {isa = PBXFileReference; lastKnownFileType = file.xib; path = ProfileViewController.xib; sourceTree = "<group>"; };
		8ABB96922D8D3B660032E6DA /* SideMenuCell.swift */ = {isa = PBXFileReference; lastKnownFileType = sourcecode.swift; path = SideMenuCell.swift; sourceTree = "<group>"; };
		8ABB96932D8D3B660032E6DA /* SideMenuCell.xib */ = {isa = PBXFileReference; lastKnownFileType = file.xib; path = SideMenuCell.xib; sourceTree = "<group>"; };
		8ABB969F2D8D702B0032E6DA /* SideMenuManager.swift */ = {isa = PBXFileReference; lastKnownFileType = sourcecode.swift; path = SideMenuManager.swift; sourceTree = "<group>"; };
		8ADA956F2D9E435200466249 /* LoginPinSetAPICaller.swift */ = {isa = PBXFileReference; lastKnownFileType = sourcecode.swift; path = LoginPinSetAPICaller.swift; sourceTree = "<group>"; };
		8AEADB532DA6449000BF187E /* WebViewController.swift */ = {isa = PBXFileReference; lastKnownFileType = sourcecode.swift; path = WebViewController.swift; sourceTree = "<group>"; };
		8AF7923E2D9BA36E00085FEC /* GlobalPopUpVC.swift */ = {isa = PBXFileReference; lastKnownFileType = sourcecode.swift; path = GlobalPopUpVC.swift; sourceTree = "<group>"; };
		8AF7923F2D9BA36E00085FEC /* GlobalPopUpVC.xib */ = {isa = PBXFileReference; lastKnownFileType = file.xib; path = GlobalPopUpVC.xib; sourceTree = "<group>"; };
		8AF792432D9BDF0B00085FEC /* RegisterAPICaller.swift */ = {isa = PBXFileReference; lastKnownFileType = sourcecode.swift; path = RegisterAPICaller.swift; sourceTree = "<group>"; };
		8AF792452D9BE2FF00085FEC /* RegisterResponseModel.swift */ = {isa = PBXFileReference; lastKnownFileType = sourcecode.swift; path = RegisterResponseModel.swift; sourceTree = "<group>"; };
		8AF792472D9BF45800085FEC /* RegisterRequestModel.swift */ = {isa = PBXFileReference; lastKnownFileType = sourcecode.swift; path = RegisterRequestModel.swift; sourceTree = "<group>"; };
		8AF792492D9BF95E00085FEC /* RegisterViewModel.swift */ = {isa = PBXFileReference; lastKnownFileType = sourcecode.swift; path = RegisterViewModel.swift; sourceTree = "<group>"; };
		8AFDE6452DA5336A005AA235 /* EmptyCollView.swift */ = {isa = PBXFileReference; lastKnownFileType = sourcecode.swift; path = EmptyCollView.swift; sourceTree = "<group>"; };
/* End PBXFileReference section */

/* Begin PBXFrameworksBuildPhase section */
		8A4353852D75760600ABB7A0 /* Frameworks */ = {
			isa = PBXFrameworksBuildPhase;
			buildActionMask = 2147483647;
			files = (
				8ABA8AB62D770848003D4727 /* IQKeyboardManagerSwift in Frameworks */,
			);
			runOnlyForDeploymentPostprocessing = 0;
		};
/* End PBXFrameworksBuildPhase section */

/* Begin PBXGroup section */
		8A0521612D79588700AE5FC4 /* AllTabScreens */ = {
			isa = PBXGroup;
			children = (
				8A0521662D79601E00AE5FC4 /* Entry Views */,
			);
			path = AllTabScreens;
			sourceTree = "<group>";
		};
		8A0521662D79601E00AE5FC4 /* Entry Views */ = {
			isa = PBXGroup;
			children = (
				8A22D9192D7AC75400F358FD /* Circular Views */,
				8A0521672D7960B000AE5FC4 /* Entry Cell Views */,
				8A0521622D7958F800AE5FC4 /* EntryViewController.swift */,
				8A0521632D7958F800AE5FC4 /* EntryViewController.xib */,
				8A0521682D79625E00AE5FC4 /* EntryViewController+EntryViewCollectionViews.swift */,
				8A05216A2D797CA700AE5FC4 /* EntryViewController+TableViewControllers.swift */,
			);
			path = "Entry Views";
			sourceTree = "<group>";
		};
		8A0521672D7960B000AE5FC4 /* Entry Cell Views */ = {
			isa = PBXGroup;
			children = (
				8A0521742D79A87200AE5FC4 /* Table Cells */,
				8A0521752D79A88B00AE5FC4 /* CollectionCells */,
				8A22D91E2D7B19C300F358FD /* TextEnums.swift */,
			);
			path = "Entry Cell Views";
			sourceTree = "<group>";
		};
		8A0521742D79A87200AE5FC4 /* Table Cells */ = {
			isa = PBXGroup;
			children = (
				8A05216C2D7996FD00AE5FC4 /* EntryTableViewCell.swift */,
				8A05216D2D7996FD00AE5FC4 /* EntryTableViewCell.xib */,
			);
			path = "Table Cells";
			sourceTree = "<group>";
		};
		8A0521752D79A88B00AE5FC4 /* CollectionCells */ = {
			isa = PBXGroup;
			children = (
				8A0521702D79A83A00AE5FC4 /* EntryCollectionViewCell.swift */,
				8A0521712D79A83A00AE5FC4 /* EntryCollectionViewCell.xib */,
			);
			path = CollectionCells;
			sourceTree = "<group>";
		};
		8A1823562D87D315007A2E90 /* ImageCollectionView */ = {
			isa = PBXGroup;
			children = (
				8A1823572D87D37A007A2E90 /* ImageCatalogueViewCell.swift */,
				8A1823582D87D37A007A2E90 /* ImageCatalogueViewCell.xib */,
			);
			path = ImageCollectionView;
			sourceTree = "<group>";
		};
		8A22D9192D7AC75400F358FD /* Circular Views */ = {
			isa = PBXGroup;
			children = (
				8A22D91C2D7AC96800F358FD /* Circular.swift */,
			);
			path = "Circular Views";
			sourceTree = "<group>";
		};
		8A241DDB2D7FF9E7002D7BA8 /* Contacts Views */ = {
			isa = PBXGroup;
			children = (
				8A241DE02D801952002D7BA8 /* Contacts HeaderView  */,
				8A241DDC2D7FFA19002D7BA8 /* ContactsViewController.swift */,
				8A241DDD2D7FFA19002D7BA8 /* ContactsViewController.xib */,
				8A31285F2D9FBEF0003FA3B8 /* Add Contacts */,
			);
			path = "Contacts Views";
			sourceTree = "<group>";
		};
		8A241DE02D801952002D7BA8 /* Contacts HeaderView  */ = {
			isa = PBXGroup;
			children = (
				8A241DE12D80196F002D7BA8 /* ContactsView.swift */,
			);
			path = "Contacts HeaderView ";
			sourceTree = "<group>";
		};
		8A241DE32D803BE1002D7BA8 /* FloationgView */ = {
			isa = PBXGroup;
			children = (
				8A241DE42D803C03002D7BA8 /* FloatingBtn.swift */,
			);
			path = FloationgView;
			sourceTree = "<group>";
		};
		8A241DEC2D80494E002D7BA8 /* Catalogues */ = {
			isa = PBXGroup;
			children = (
				8AEADB522DA6435500BF187E /* WebView */,
				8A1823562D87D315007A2E90 /* ImageCollectionView */,
				8AA25B902D82A1920093F3F1 /* Shared Catalogues */,
				8AA459302D81909E0004938B /* SubViews */,
				8A241DED2D804962002D7BA8 /* Views */,
			);
			path = Catalogues;
			sourceTree = "<group>";
		};
		8A241DED2D804962002D7BA8 /* Views */ = {
			isa = PBXGroup;
			children = (
				8A241DEE2D804994002D7BA8 /* CatalogueViewController.swift */,
				8A241DEF2D804994002D7BA8 /* CatalogueViewController.xib */,
			);
			path = Views;
			sourceTree = "<group>";
		};
		8A2DED8C2D894CF30057DFC0 /* Group Details View */ = {
			isa = PBXGroup;
			children = (
				8A2DED912D897B020057DFC0 /* GroupDetailViewControllers */,
				8A2DED932D897B5A0057DFC0 /* GroupDetailCell  */,
			);
			path = "Group Details View";
			sourceTree = "<group>";
		};
		8A2DED912D897B020057DFC0 /* GroupDetailViewControllers */ = {
			isa = PBXGroup;
			children = (
				8A2DED942D897B890057DFC0 /* GroupDetailViewController.swift */,
				8A2DED952D897B890057DFC0 /* GroupDetailViewController.xib */,
			);
			path = GroupDetailViewControllers;
			sourceTree = "<group>";
		};
		8A2DED932D897B5A0057DFC0 /* GroupDetailCell  */ = {
			isa = PBXGroup;
			children = (
				8A2DED8D2D894D900057DFC0 /* GroupDetailViewCell.swift */,
				8A2DED8E2D894D900057DFC0 /* GroupDetailViewCell.xib */,
			);
			path = "GroupDetailCell ";
			sourceTree = "<group>";
		};
		8A2E51772D9CFA5000D4A023 /* Protocols */ = {
			isa = PBXGroup;
			children = (
				8A2E51782D9CFC7800D4A023 /* PopUpViewDelegate.swift */,
				8A7F319A2D9E64C500288E29 /* MoveToNextView.swift */,
				8A9E7D612DA3CA87007CE28A /* UpdateUI.swift */,
			);
			path = Protocols;
			sourceTree = "<group>";
		};
		8A2E517A2D9D049800D4A023 /* PopUps */ = {
			isa = PBXGroup;
			children = (
				8A2E517B2D9D0B6F00D4A023 /* OTPPopUPVC.swift */,
				8A2E517C2D9D0B6F00D4A023 /* OTPPopUPVC.xib */,
			);
			path = PopUps;
			sourceTree = "<group>";
		};
		8A2E51822D9D3A2F00D4A023 /* RegistrationOTPModel */ = {
			isa = PBXGroup;
			children = (
				8A2E51832D9D3A5500D4A023 /* RegistrationOTPModel.swift */,
				8A2E51872D9D4C4600D4A023 /* RegistrationOTPRequestModel.swift */,
			);
			path = RegistrationOTPModel;
			sourceTree = "<group>";
		};
		8A31285F2D9FBEF0003FA3B8 /* Add Contacts */ = {
			isa = PBXGroup;
			children = (
				8A31285B2D9FBEE2003FA3B8 /* AddContactViewController.swift */,
				8A31285C2D9FBEE2003FA3B8 /* AddContactViewController.xib */,
			);
			path = "Add Contacts";
			sourceTree = "<group>";
		};
		8A3128622D9FF9B5003FA3B8 /* GetContacts */ = {
			isa = PBXGroup;
			children = (
				8A3128632D9FF9FB003FA3B8 /* GetContactResponseModel.swift */,
			);
			path = GetContacts;
			sourceTree = "<group>";
		};
		8A3B823C2D881A8A00CFFC37 /* GroupListViews */ = {
			isa = PBXGroup;
			children = (
				8A3B82412D88205A00CFFC37 /* Views */,
				8A3B82422D88207500CFFC37 /* GroupListTableView */,
			);
			path = GroupListViews;
			sourceTree = "<group>";
		};
		8A3B82412D88205A00CFFC37 /* Views */ = {
			isa = PBXGroup;
			children = (
				8A3B82432D8820B800CFFC37 /* GroupListViewController.swift */,
				8A3B82442D8820B800CFFC37 /* GroupListViewController.xib */,
			);
			path = Views;
			sourceTree = "<group>";
		};
		8A3B82422D88207500CFFC37 /* GroupListTableView */ = {
			isa = PBXGroup;
			children = (
				8A3B823D2D881B0800CFFC37 /* GroupTableViewCell.swift */,
				8A3B823E2D881B0800CFFC37 /* GroupTableViewCell.xib */,
			);
			path = GroupListTableView;
			sourceTree = "<group>";
		};
		8A3B82472D88455D00CFFC37 /* NotificationViews */ = {
			isa = PBXGroup;
			children = (
				8A53333C2D915AAF00B524A7 /* NotificationDetailsViews */,
				8A3B82482D88458F00CFFC37 /* NotificationViewCell.swift */,
				8A3B82492D88458F00CFFC37 /* NotificationViewCell.xib */,
			);
			path = NotificationViews;
			sourceTree = "<group>";
		};
		8A3C02722D954A6000DE941A /* Supports */ = {
			isa = PBXGroup;
			children = (
				8A43538B2D75760600ABB7A0 /* AppDelegate.swift */,
				8A43538D2D75760600ABB7A0 /* SceneDelegate.swift */,
				8A43538F2D75760600ABB7A0 /* ViewController.swift */,
				8A4353912D75760600ABB7A0 /* Main.storyboard */,
				8A3B823A2D87DBF500CFFC37 /* Assets.xcassets */,
				8A4353B22D758F4700ABB7A0 /* font */,
				8A4353962D75760900ABB7A0 /* LaunchScreen.storyboard */,
			);
			path = Supports;
			sourceTree = "<group>";
		};
		8A3C02732D954E8700DE941A /* Services */ = {
			isa = PBXGroup;
			children = (
				8A3C02742D95517A00DE941A /* Networks */,
			);
			path = Services;
			sourceTree = "<group>";
		};
		8A3C02742D95517A00DE941A /* Networks */ = {
			isa = PBXGroup;
			children = (
				8A3C02752D9551A700DE941A /* NetworkConstants.swift */,
				8A3C02772D9554F200DE941A /* APICaller.swift */,
				8AF792432D9BDF0B00085FEC /* RegisterAPICaller.swift */,
				8A2E517F2D9D301A00D4A023 /* RegOTPVerificationAPICaller.swift */,
				8ADA956F2D9E435200466249 /* LoginPinSetAPICaller.swift */,
				8A3128532D9F94A1003FA3B8 /* AddContactApiCaller.swift */,
				8A3128602D9FF2AE003FA3B8 /* GetAllContactList.swift */,
				8A9E7D562DA3A425007CE28A /* DeleteContactApiCaller.swift */,
				8A9E7D682DA3E6B2007CE28A /* CatalogueListingApiCaller.swift */,
			);
			path = Networks;
			sourceTree = "<group>";
		};
		8A3C02792D955C0300DE941A /* Models */ = {
			isa = PBXGroup;
			children = (
				8A9E7D632DA3E12C007CE28A /* Catalouge Listing */,
				8A9E7D5A2DA3A491007CE28A /* DeleteContactModel */,
				8A3128622D9FF9B5003FA3B8 /* GetContacts */,
				8AF792422D9BDC2000085FEC /* RegisterModels */,
				8A3C027A2D955C1300DE941A /* LoginModels */,
				8A9E7D592DA3A47A007CE28A /* AddContactModels */,
			);
			path = Models;
			sourceTree = "<group>";
		};
		8A3C027A2D955C1300DE941A /* LoginModels */ = {
			isa = PBXGroup;
			children = (
				8A3C027B2D955C5300DE941A /* LoginResponseModel.swift */,
				8A6AB5EF2D966A7500775D5C /* LoginParamsStruct.swift */,
			);
			path = LoginModels;
			sourceTree = "<group>";
		};
		8A3C027D2D9579A200DE941A /* View Models */ = {
			isa = PBXGroup;
			children = (
				8A6AB5ED2D96573200775D5C /* LoginViewModel.swift */,
				8AF792492D9BF95E00085FEC /* RegisterViewModel.swift */,
				8A2E51852D9D4A0400D4A023 /* OTPViewModel.swift */,
				8A7F31982D9E5CB600288E29 /* LoginSetPinViewModel.swift */,
				8A3128592D9FB2F8003FA3B8 /* AddContactViewModel.swift */,
				8A3128652D9FFFB5003FA3B8 /* AllContactsViewModel.swift */,
				8A9E7D5D2DA3B4DB007CE28A /* DeleteContactViewModel.swift */,
				8A9E7D6A2DA3F78B007CE28A /* CatalogueListingViewModel.swift */,
			);
			path = "View Models";
			sourceTree = "<group>";
		};
		8A43537F2D75760600ABB7A0 = {
			isa = PBXGroup;
			children = (
				8A43538A2D75760600ABB7A0 /* Emotipics */,
				8A4353892D75760600ABB7A0 /* Products */,
			);
			sourceTree = "<group>";
		};
		8A4353892D75760600ABB7A0 /* Products */ = {
			isa = PBXGroup;
			children = (
				8A4353882D75760600ABB7A0 /* Emotipics.app */,
			);
			name = Products;
			sourceTree = "<group>";
		};
		8A43538A2D75760600ABB7A0 /* Emotipics */ = {
			isa = PBXGroup;
			children = (
				8AFDE6422DA532FF005AA235 /* AdditionalViews */,
				8A9E7D512DA39D78007CE28A /* DeletePopUps */,
				8A7F319C2D9E99E900288E29 /* KeyChainManager */,
				8A2E517A2D9D049800D4A023 /* PopUps */,
				8A2E51772D9CFA5000D4A023 /* Protocols */,
				8AF7923D2D9BA32E00085FEC /* GlobalPopUpVC */,
				8A6AB5F12D967C6000775D5C /* AlertView */,
				8A3C027D2D9579A200DE941A /* View Models */,
				8A3C02792D955C0300DE941A /* Models */,
				8A3C02732D954E8700DE941A /* Services */,
				8A5333312D91144200B524A7 /* All Side Menu Views */,
				8A3B82472D88455D00CFFC37 /* NotificationViews */,
				8A241DE32D803BE1002D7BA8 /* FloationgView */,
				8A48815A2D78249700EAB64B /* All Dashboard Views */,
				8AB7D6832D76B28000B291BA /* Test Views */,
				8A4353C72D75BE7B00ABB7A0 /* SampleScrollView */,
				8A4353C22D75A9D700ABB7A0 /* RegisterViews */,
				8A43539F2D75798B00ABB7A0 /* HomeViews */,
				8A3C02722D954A6000DE941A /* Supports */,
				8A4353992D75760900ABB7A0 /* Info.plist */,
			);
			path = Emotipics;
			sourceTree = "<group>";
		};
		8A43539F2D75798B00ABB7A0 /* HomeViews */ = {
			isa = PBXGroup;
			children = (
				8A4353A02D757D4F00ABB7A0 /* HomeViewController.swift */,
				8A4353A12D757D4F00ABB7A0 /* HomeViewController.xib */,
			);
			path = HomeViews;
			sourceTree = "<group>";
		};
		8A4353B22D758F4700ABB7A0 /* font */ = {
			isa = PBXGroup;
			children = (
				8A4353A42D758F4700ABB7A0 /* jost_bold.ttf */,
				8A4353A52D758F4700ABB7A0 /* jost_light.ttf */,
				8A4353A62D758F4700ABB7A0 /* jost_medium.ttf */,
				8A4353A72D758F4700ABB7A0 /* jost_regular.ttf */,
				8A4353A82D758F4700ABB7A0 /* jost_semi_bold.ttf */,
				8A4353A92D758F4700ABB7A0 /* lato_black.ttf */,
				8A4353AA2D758F4700ABB7A0 /* lato_bold.ttf */,
				8A4353AB2D758F4700ABB7A0 /* lato_light.ttf */,
				8A4353AC2D758F4700ABB7A0 /* lato_regular.ttf */,
				8A4353AD2D758F4700ABB7A0 /* poppins_bold.ttf */,
				8A4353AE2D758F4700ABB7A0 /* poppins_light.ttf */,
				8A4353AF2D758F4700ABB7A0 /* poppins_medium.ttf */,
				8A4353B02D758F4700ABB7A0 /* poppins_regular.ttf */,
				8A4353B12D758F4700ABB7A0 /* poppins_semi_bold.ttf */,
			);
			path = font;
			sourceTree = "<group>";
		};
		8A4353C22D75A9D700ABB7A0 /* RegisterViews */ = {
			isa = PBXGroup;
			children = (
				8A4353C32D75AA1200ABB7A0 /* RegisterViewController.swift */,
				8A4353C42D75AA1200ABB7A0 /* RegisterViewController.xib */,
			);
			path = RegisterViews;
			sourceTree = "<group>";
		};
		8A4353C72D75BE7B00ABB7A0 /* SampleScrollView */ = {
			isa = PBXGroup;
			children = (
				8A4353C82D75BEBC00ABB7A0 /* TestScrollViewController.swift */,
				8A4353C92D75BEBC00ABB7A0 /* TestScrollViewController.xib */,
			);
			path = SampleScrollView;
			sourceTree = "<group>";
		};
		8A48815A2D78249700EAB64B /* All Dashboard Views */ = {
			isa = PBXGroup;
			children = (
				8ABA8ABC2D771B4D003D4727 /* Dashboard Views */,
			);
			path = "All Dashboard Views";
			sourceTree = "<group>";
		};
		8A5333312D91144200B524A7 /* All Side Menu Views */ = {
			isa = PBXGroup;
			children = (
				8A5333372D913A5300B524A7 /* About Us */,
				8A5333322D9114EF00B524A7 /* My Account Details */,
				8ABB968C2D8D38C60032E6DA /* ProfileView */,
			);
			path = "All Side Menu Views";
			sourceTree = "<group>";
		};
		8A5333322D9114EF00B524A7 /* My Account Details */ = {
			isa = PBXGroup;
			children = (
				8A5333332D91151F00B524A7 /* MyAccountDetailsVC.swift */,
				8A5333342D91151F00B524A7 /* MyAccountDetailsVC.xib */,
			);
			path = "My Account Details";
			sourceTree = "<group>";
		};
		8A5333372D913A5300B524A7 /* About Us */ = {
			isa = PBXGroup;
			children = (
				8A5333382D913AAC00B524A7 /* AboutUsVC.swift */,
				8A5333392D913AAC00B524A7 /* AboutUsVC.xib */,
			);
			path = "About Us";
			sourceTree = "<group>";
		};
		8A53333C2D915AAF00B524A7 /* NotificationDetailsViews */ = {
			isa = PBXGroup;
			children = (
				8A53333D2D915BCF00B524A7 /* NotificationDetailsVC.swift */,
				8A53333E2D915BCF00B524A7 /* NotificationDetailsVC.xib */,
			);
			path = NotificationDetailsViews;
			sourceTree = "<group>";
		};
		8A6AB5F12D967C6000775D5C /* AlertView */ = {
			isa = PBXGroup;
			children = (
				8A6AB5F22D967DFB00775D5C /* AlertView.swift */,
			);
			path = AlertView;
			sourceTree = "<group>";
		};
		8A7F31932D9E4F2E00288E29 /* LoginPinModels */ = {
			isa = PBXGroup;
			children = (
				8A7F31942D9E50CA00288E29 /* LoginPinResponseModel.swift */,
				8A7F31962D9E5C5600288E29 /* LoginPinRequestModel.swift */,
			);
			path = LoginPinModels;
			sourceTree = "<group>";
		};
		8A7F319C2D9E99E900288E29 /* KeyChainManager */ = {
			isa = PBXGroup;
			children = (
				8A7F319D2D9E9A2E00288E29 /* KeychainManager.swift */,
			);
			path = KeyChainManager;
			sourceTree = "<group>";
		};
		8A9E7D512DA39D78007CE28A /* DeletePopUps */ = {
			isa = PBXGroup;
			children = (
				8A9E7D522DA39DA2007CE28A /* DeletePopUpVC.swift */,
				8A9E7D532DA39DA2007CE28A /* DeletePopUpVC.xib */,
			);
			path = DeletePopUps;
			sourceTree = "<group>";
		};
		8A9E7D592DA3A47A007CE28A /* AddContactModels */ = {
			isa = PBXGroup;
			children = (
				8A3128552D9F9D1A003FA3B8 /* AddContactResponseModel.swift */,
				8A3128572D9FB2CA003FA3B8 /* AddContactRequestModel.swift */,
			);
			path = AddContactModels;
			sourceTree = "<group>";
		};
		8A9E7D5A2DA3A491007CE28A /* DeleteContactModel */ = {
			isa = PBXGroup;
			children = (
				8A9E7D5B2DA3A4B9007CE28A /* DeleteContactModel.swift */,
				8A9E7D5F2DA3C0B4007CE28A /* DeleteContactReqModel.swift */,
			);
			path = DeleteContactModel;
			sourceTree = "<group>";
		};
		8A9E7D632DA3E12C007CE28A /* Catalouge Listing */ = {
			isa = PBXGroup;
			children = (
				8A9E7D662DA3E19F007CE28A /* CatalogueListingDataModel.swift */,
				8A9E7D6C2DA3F9C3007CE28A /* CatalogueListingReqModel.swift */,
			);
			path = "Catalouge Listing";
			sourceTree = "<group>";
		};
		8AA25B902D82A1920093F3F1 /* Shared Catalogues */ = {
			isa = PBXGroup;
			children = (
				8AA25B912D82A26F0093F3F1 /* SharedCatalogueViewController.swift */,
				8AA25B922D82A26F0093F3F1 /* SharedCatalogueViewController.xib */,
			);
			path = "Shared Catalogues";
			sourceTree = "<group>";
		};
		8AA459302D81909E0004938B /* SubViews */ = {
			isa = PBXGroup;
			children = (
				8AA459312D8191D60004938B /* AllCataloguesViewController.swift */,
				8AA459322D8191D60004938B /* AllCataloguesViewController.xib */,
			);
			path = SubViews;
			sourceTree = "<group>";
		};
		8AB7D6832D76B28000B291BA /* Test Views */ = {
			isa = PBXGroup;
			children = (
				8AB7D6842D76B29F00B291BA /* ExampleViewController.swift */,
				8AB7D6852D76B29F00B291BA /* ExampleViewController.xib */,
			);
			path = "Test Views";
			sourceTree = "<group>";
		};
		8ABA8ABC2D771B4D003D4727 /* Dashboard Views */ = {
			isa = PBXGroup;
			children = (
				8A2DED8C2D894CF30057DFC0 /* Group Details View */,
				8A3B823C2D881A8A00CFFC37 /* GroupListViews */,
				8A241DEC2D80494E002D7BA8 /* Catalogues */,
				8A241DDB2D7FF9E7002D7BA8 /* Contacts Views */,
				8A0521612D79588700AE5FC4 /* AllTabScreens */,
				8ABA8ABD2D771B69003D4727 /* DashboardViewController.swift */,
				8ABA8ABE2D771B69003D4727 /* DashboardViewController.xib */,
				8A48815B2D7849DF00EAB64B /* DashboardView+extension.swift */,
			);
			path = "Dashboard Views";
			sourceTree = "<group>";
		};
		8ABB968C2D8D38C60032E6DA /* ProfileView */ = {
			isa = PBXGroup;
			children = (
				8ABB969E2D8D6F4F0032E6DA /* Profile Manager */,
				8ABB96912D8D3B320032E6DA /* Profile Cells */,
				8ABB968D2D8D39960032E6DA /* ProfileViewController.swift */,
				8ABB968E2D8D39960032E6DA /* ProfileViewController.xib */,
			);
			path = ProfileView;
			sourceTree = "<group>";
		};
		8ABB96912D8D3B320032E6DA /* Profile Cells */ = {
			isa = PBXGroup;
			children = (
				8ABB96922D8D3B660032E6DA /* SideMenuCell.swift */,
				8ABB96932D8D3B660032E6DA /* SideMenuCell.xib */,
			);
			path = "Profile Cells";
			sourceTree = "<group>";
		};
		8ABB969E2D8D6F4F0032E6DA /* Profile Manager */ = {
			isa = PBXGroup;
			children = (
				8ABB969F2D8D702B0032E6DA /* SideMenuManager.swift */,
			);
			path = "Profile Manager";
			sourceTree = "<group>";
		};
		8AEADB522DA6435500BF187E /* WebView */ = {
			isa = PBXGroup;
			children = (
				8AEADB532DA6449000BF187E /* WebViewController.swift */,
			);
			path = WebView;
			sourceTree = "<group>";
		};
		8AF7923D2D9BA32E00085FEC /* GlobalPopUpVC */ = {
			isa = PBXGroup;
			children = (
				8AF7923E2D9BA36E00085FEC /* GlobalPopUpVC.swift */,
				8AF7923F2D9BA36E00085FEC /* GlobalPopUpVC.xib */,
			);
			path = GlobalPopUpVC;
			sourceTree = "<group>";
		};
		8AF792422D9BDC2000085FEC /* RegisterModels */ = {
			isa = PBXGroup;
			children = (
				8A7F31932D9E4F2E00288E29 /* LoginPinModels */,
				8A2E51822D9D3A2F00D4A023 /* RegistrationOTPModel */,
				8AF792452D9BE2FF00085FEC /* RegisterResponseModel.swift */,
				8AF792472D9BF45800085FEC /* RegisterRequestModel.swift */,
			);
			path = RegisterModels;
			sourceTree = "<group>";
		};
		8AFDE6422DA532FF005AA235 /* AdditionalViews */ = {
			isa = PBXGroup;
			children = (
				8AFDE6452DA5336A005AA235 /* EmptyCollView.swift */,
			);
			path = AdditionalViews;
			sourceTree = "<group>";
		};
/* End PBXGroup section */

/* Begin PBXNativeTarget section */
		8A4353872D75760600ABB7A0 /* Emotipics */ = {
			isa = PBXNativeTarget;
			buildConfigurationList = 8A43539C2D75760900ABB7A0 /* Build configuration list for PBXNativeTarget "Emotipics" */;
			buildPhases = (
				8A4353842D75760600ABB7A0 /* Sources */,
				8A4353852D75760600ABB7A0 /* Frameworks */,
				8A4353862D75760600ABB7A0 /* Resources */,
			);
			buildRules = (
			);
			dependencies = (
			);
			name = Emotipics;
			packageProductDependencies = (
				8ABA8AB52D770848003D4727 /* IQKeyboardManagerSwift */,
			);
			productName = Emotipics;
			productReference = 8A4353882D75760600ABB7A0 /* Emotipics.app */;
			productType = "com.apple.product-type.application";
		};
/* End PBXNativeTarget section */

/* Begin PBXProject section */
		8A4353802D75760600ABB7A0 /* Project object */ = {
			isa = PBXProject;
			attributes = {
				BuildIndependentTargetsInParallel = 1;
				LastSwiftUpdateCheck = 1530;
				LastUpgradeCheck = 1530;
				TargetAttributes = {
					8A4353872D75760600ABB7A0 = {
						CreatedOnToolsVersion = 15.3;
					};
				};
			};
			buildConfigurationList = 8A4353832D75760600ABB7A0 /* Build configuration list for PBXProject "Emotipics" */;
			compatibilityVersion = "Xcode 14.0";
			developmentRegion = en;
			hasScannedForEncodings = 0;
			knownRegions = (
				en,
				Base,
			);
			mainGroup = 8A43537F2D75760600ABB7A0;
			packageReferences = (
				8ABA8AB42D770848003D4727 /* XCRemoteSwiftPackageReference "IQKeyboardManager" */,
			);
			productRefGroup = 8A4353892D75760600ABB7A0 /* Products */;
			projectDirPath = "";
			projectRoot = "";
			targets = (
				8A4353872D75760600ABB7A0 /* Emotipics */,
			);
		};
/* End PBXProject section */

/* Begin PBXResourcesBuildPhase section */
		8A4353862D75760600ABB7A0 /* Resources */ = {
			isa = PBXResourcesBuildPhase;
			buildActionMask = 2147483647;
			files = (
				8ABA8AC02D771B69003D4727 /* DashboardViewController.xib in Resources */,
				8A1823592D87D37A007A2E90 /* ImageCatalogueViewCell.xib in Resources */,
				8A0521652D7958F800AE5FC4 /* EntryViewController.xib in Resources */,
				8A4353B52D758F4700ABB7A0 /* jost_medium.ttf in Resources */,
				8A3B823B2D87DBF500CFFC37 /* Assets.xcassets in Resources */,
				8A4353982D75760900ABB7A0 /* Base in Resources */,
				8A241DDE2D7FFA19002D7BA8 /* ContactsViewController.xib in Resources */,
				8A4353932D75760600ABB7A0 /* Base in Resources */,
				8ABB96942D8D3B660032E6DA /* SideMenuCell.xib in Resources */,
				8A4353BD2D758F4700ABB7A0 /* poppins_light.ttf in Resources */,
				8A9E7D542DA39DA2007CE28A /* DeletePopUpVC.xib in Resources */,
				8A4353C02D758F4700ABB7A0 /* poppins_semi_bold.ttf in Resources */,
				8A4353B72D758F4700ABB7A0 /* jost_semi_bold.ttf in Resources */,
				8A2DED902D894D900057DFC0 /* GroupDetailViewCell.xib in Resources */,
				8A4353CB2D75BEBC00ABB7A0 /* TestScrollViewController.xib in Resources */,
				8A4353BC2D758F4700ABB7A0 /* poppins_bold.ttf in Resources */,
				8A3B824A2D88458F00CFFC37 /* NotificationViewCell.xib in Resources */,
				8A241DF02D804994002D7BA8 /* CatalogueViewController.xib in Resources */,
				8A2E517D2D9D0B6F00D4A023 /* OTPPopUPVC.xib in Resources */,
				8AF792402D9BA36E00085FEC /* GlobalPopUpVC.xib in Resources */,
				8A4353BE2D758F4700ABB7A0 /* poppins_medium.ttf in Resources */,
				8A4353B42D758F4700ABB7A0 /* jost_light.ttf in Resources */,
				8A31285E2D9FBEE2003FA3B8 /* AddContactViewController.xib in Resources */,
				8ABB968F2D8D39960032E6DA /* ProfileViewController.xib in Resources */,
				8A4353B82D758F4700ABB7A0 /* lato_black.ttf in Resources */,
				8AA459342D8191D60004938B /* AllCataloguesViewController.xib in Resources */,
				8A0521732D79A83A00AE5FC4 /* EntryCollectionViewCell.xib in Resources */,
				8A4353B62D758F4700ABB7A0 /* jost_regular.ttf in Resources */,
				8A5333402D915BCF00B524A7 /* NotificationDetailsVC.xib in Resources */,
				8A3B82462D8820B800CFFC37 /* GroupListViewController.xib in Resources */,
				8AB7D6862D76B29F00B291BA /* ExampleViewController.xib in Resources */,
				8A4353BF2D758F4700ABB7A0 /* poppins_regular.ttf in Resources */,
				8A5333362D91151F00B524A7 /* MyAccountDetailsVC.xib in Resources */,
				8AA25B932D82A26F0093F3F1 /* SharedCatalogueViewController.xib in Resources */,
				8A4353B32D758F4700ABB7A0 /* jost_bold.ttf in Resources */,
				8A2DED972D897B890057DFC0 /* GroupDetailViewController.xib in Resources */,
				8A4353BA2D758F4700ABB7A0 /* lato_light.ttf in Resources */,
				8A4353B92D758F4700ABB7A0 /* lato_bold.ttf in Resources */,
				8A05216F2D7996FD00AE5FC4 /* EntryTableViewCell.xib in Resources */,
				8A4353C62D75AA1200ABB7A0 /* RegisterViewController.xib in Resources */,
				8A3B82402D881B0800CFFC37 /* GroupTableViewCell.xib in Resources */,
				8A53333A2D913AAC00B524A7 /* AboutUsVC.xib in Resources */,
				8A4353BB2D758F4700ABB7A0 /* lato_regular.ttf in Resources */,
				8A4353A22D757D4F00ABB7A0 /* HomeViewController.xib in Resources */,
			);
			runOnlyForDeploymentPostprocessing = 0;
		};
/* End PBXResourcesBuildPhase section */

/* Begin PBXSourcesBuildPhase section */
		8A4353842D75760600ABB7A0 /* Sources */ = {
			isa = PBXSourcesBuildPhase;
			buildActionMask = 2147483647;
			files = (
				8A05216E2D7996FD00AE5FC4 /* EntryTableViewCell.swift in Sources */,
				8A2DED962D897B890057DFC0 /* GroupDetailViewController.swift in Sources */,
				8A9E7D552DA39DA2007CE28A /* DeletePopUpVC.swift in Sources */,
				8A9E7D6D2DA3F9C3007CE28A /* CatalogueListingReqModel.swift in Sources */,
				8ABB96A02D8D702B0032E6DA /* SideMenuManager.swift in Sources */,
				8A3B824B2D88458F00CFFC37 /* NotificationViewCell.swift in Sources */,
				8A7F319E2D9E9A2E00288E29 /* KeychainManager.swift in Sources */,
				8A31285D2D9FBEE2003FA3B8 /* AddContactViewController.swift in Sources */,
				8AA459332D8191D60004938B /* AllCataloguesViewController.swift in Sources */,
				8A3128582D9FB2CA003FA3B8 /* AddContactRequestModel.swift in Sources */,
				8A3128612D9FF2AE003FA3B8 /* GetAllContactList.swift in Sources */,
				8A6AB5F32D967DFB00775D5C /* AlertView.swift in Sources */,
				8A5333352D91151F00B524A7 /* MyAccountDetailsVC.swift in Sources */,
				8AF792412D9BA36E00085FEC /* GlobalPopUpVC.swift in Sources */,
				8A53333F2D915BCF00B524A7 /* NotificationDetailsVC.swift in Sources */,
				8A3C02762D9551A700DE941A /* NetworkConstants.swift in Sources */,
				8A3128562D9F9D1A003FA3B8 /* AddContactResponseModel.swift in Sources */,
				8A3B82452D8820B800CFFC37 /* GroupListViewController.swift in Sources */,
				8A22D91D2D7AC96800F358FD /* Circular.swift in Sources */,
				8AF792442D9BDF0B00085FEC /* RegisterAPICaller.swift in Sources */,
				8A9E7D5C2DA3A4B9007CE28A /* DeleteContactModel.swift in Sources */,
				8A9E7D692DA3E6B2007CE28A /* CatalogueListingApiCaller.swift in Sources */,
				8AFDE6462DA5336A005AA235 /* EmptyCollView.swift in Sources */,
				8A3B823F2D881B0800CFFC37 /* GroupTableViewCell.swift in Sources */,
				8AA25B942D82A26F0093F3F1 /* SharedCatalogueViewController.swift in Sources */,
				8A53333B2D913AAC00B524A7 /* AboutUsVC.swift in Sources */,
				8A2E51882D9D4C4600D4A023 /* RegistrationOTPRequestModel.swift in Sources */,
				8A9E7D6B2DA3F78B007CE28A /* CatalogueListingViewModel.swift in Sources */,
				8AF7924A2D9BF95E00085FEC /* RegisterViewModel.swift in Sources */,
				8AF792482D9BF45800085FEC /* RegisterRequestModel.swift in Sources */,
				8A7F319B2D9E64C500288E29 /* MoveToNextView.swift in Sources */,
				8A3128662D9FFFB5003FA3B8 /* AllContactsViewModel.swift in Sources */,
				8A4353902D75760600ABB7A0 /* ViewController.swift in Sources */,
				8A6AB5F02D966A7500775D5C /* LoginParamsStruct.swift in Sources */,
				8A0521642D7958F800AE5FC4 /* EntryViewController.swift in Sources */,
				8A7F31952D9E50CA00288E29 /* LoginPinResponseModel.swift in Sources */,
				8A241DDF2D7FFA19002D7BA8 /* ContactsViewController.swift in Sources */,
				8A2E51842D9D3A5500D4A023 /* RegistrationOTPModel.swift in Sources */,
				8ABB96952D8D3B660032E6DA /* SideMenuCell.swift in Sources */,
				8A4353C52D75AA1200ABB7A0 /* RegisterViewController.swift in Sources */,
				8A9E7D672DA3E19F007CE28A /* CatalogueListingDataModel.swift in Sources */,
				8A0521692D79625E00AE5FC4 /* EntryViewController+EntryViewCollectionViews.swift in Sources */,
				8ABB96902D8D39960032E6DA /* ProfileViewController.swift in Sources */,
				8A0521722D79A83A00AE5FC4 /* EntryCollectionViewCell.swift in Sources */,
				8A9E7D622DA3CA87007CE28A /* UpdateUI.swift in Sources */,
				8A3128642D9FF9FB003FA3B8 /* GetContactResponseModel.swift in Sources */,
				8A241DF12D804994002D7BA8 /* CatalogueViewController.swift in Sources */,
				8ADA95702D9E435200466249 /* LoginPinSetAPICaller.swift in Sources */,
				8A22D91F2D7B19C300F358FD /* TextEnums.swift in Sources */,
				8A9E7D5E2DA3B4DB007CE28A /* DeleteContactViewModel.swift in Sources */,
				8A7F31992D9E5CB600288E29 /* LoginSetPinViewModel.swift in Sources */,
				8A2E51862D9D4A0400D4A023 /* OTPViewModel.swift in Sources */,
				8A48815C2D7849DF00EAB64B /* DashboardView+extension.swift in Sources */,
				8A43538C2D75760600ABB7A0 /* AppDelegate.swift in Sources */,
				8A43538E2D75760600ABB7A0 /* SceneDelegate.swift in Sources */,
				8A05216B2D797CA700AE5FC4 /* EntryViewController+TableViewControllers.swift in Sources */,
				8A241DE52D803C03002D7BA8 /* FloatingBtn.swift in Sources */,
				8AB7D6872D76B29F00B291BA /* ExampleViewController.swift in Sources */,
				8AF792462D9BE2FF00085FEC /* RegisterResponseModel.swift in Sources */,
				8A7F31972D9E5C5600288E29 /* LoginPinRequestModel.swift in Sources */,
				8A4353A32D757D4F00ABB7A0 /* HomeViewController.swift in Sources */,
				8A241DE22D80196F002D7BA8 /* ContactsView.swift in Sources */,
				8A2E51792D9CFC7800D4A023 /* PopUpViewDelegate.swift in Sources */,
				8A2E51802D9D301A00D4A023 /* RegOTPVerificationAPICaller.swift in Sources */,
				8A3C02782D9554F200DE941A /* APICaller.swift in Sources */,
				8A3C027C2D955C5300DE941A /* LoginResponseModel.swift in Sources */,
				8A4353CA2D75BEBC00ABB7A0 /* TestScrollViewController.swift in Sources */,
				8AEADB542DA6449000BF187E /* WebViewController.swift in Sources */,
				8A3128542D9F94A1003FA3B8 /* AddContactApiCaller.swift in Sources */,
				8A2DED8F2D894D900057DFC0 /* GroupDetailViewCell.swift in Sources */,
				8ABA8ABF2D771B69003D4727 /* DashboardViewController.swift in Sources */,
				8A6AB5EE2D96573200775D5C /* LoginViewModel.swift in Sources */,
				8A18235A2D87D37A007A2E90 /* ImageCatalogueViewCell.swift in Sources */,
				8A9E7D572DA3A425007CE28A /* DeleteContactApiCaller.swift in Sources */,
				8A31285A2D9FB2F8003FA3B8 /* AddContactViewModel.swift in Sources */,
				8A9E7D602DA3C0B4007CE28A /* DeleteContactReqModel.swift in Sources */,
				8A2E517E2D9D0B6F00D4A023 /* OTPPopUPVC.swift in Sources */,
			);
			runOnlyForDeploymentPostprocessing = 0;
		};
/* End PBXSourcesBuildPhase section */

/* Begin PBXVariantGroup section */
		8A4353912D75760600ABB7A0 /* Main.storyboard */ = {
			isa = PBXVariantGroup;
			children = (
				8A4353922D75760600ABB7A0 /* Base */,
			);
			name = Main.storyboard;
			sourceTree = "<group>";
		};
		8A4353962D75760900ABB7A0 /* LaunchScreen.storyboard */ = {
			isa = PBXVariantGroup;
			children = (
				8A4353972D75760900ABB7A0 /* Base */,
			);
			name = LaunchScreen.storyboard;
			sourceTree = "<group>";
		};
/* End PBXVariantGroup section */

/* Begin XCBuildConfiguration section */
		8A43539A2D75760900ABB7A0 /* Debug */ = {
			isa = XCBuildConfiguration;
			buildSettings = {
				ALWAYS_SEARCH_USER_PATHS = NO;
				ASSETCATALOG_COMPILER_GENERATE_SWIFT_ASSET_SYMBOL_EXTENSIONS = YES;
				CLANG_ANALYZER_NONNULL = YES;
				CLANG_ANALYZER_NUMBER_OBJECT_CONVERSION = YES_AGGRESSIVE;
				CLANG_CXX_LANGUAGE_STANDARD = "gnu++20";
				CLANG_ENABLE_MODULES = YES;
				CLANG_ENABLE_OBJC_ARC = YES;
				CLANG_ENABLE_OBJC_WEAK = YES;
				CLANG_WARN_BLOCK_CAPTURE_AUTORELEASING = YES;
				CLANG_WARN_BOOL_CONVERSION = YES;
				CLANG_WARN_COMMA = YES;
				CLANG_WARN_CONSTANT_CONVERSION = YES;
				CLANG_WARN_DEPRECATED_OBJC_IMPLEMENTATIONS = YES;
				CLANG_WARN_DIRECT_OBJC_ISA_USAGE = YES_ERROR;
				CLANG_WARN_DOCUMENTATION_COMMENTS = YES;
				CLANG_WARN_EMPTY_BODY = YES;
				CLANG_WARN_ENUM_CONVERSION = YES;
				CLANG_WARN_INFINITE_RECURSION = YES;
				CLANG_WARN_INT_CONVERSION = YES;
				CLANG_WARN_NON_LITERAL_NULL_CONVERSION = YES;
				CLANG_WARN_OBJC_IMPLICIT_RETAIN_SELF = YES;
				CLANG_WARN_OBJC_LITERAL_CONVERSION = YES;
				CLANG_WARN_OBJC_ROOT_CLASS = YES_ERROR;
				CLANG_WARN_QUOTED_INCLUDE_IN_FRAMEWORK_HEADER = YES;
				CLANG_WARN_RANGE_LOOP_ANALYSIS = YES;
				CLANG_WARN_STRICT_PROTOTYPES = YES;
				CLANG_WARN_SUSPICIOUS_MOVE = YES;
				CLANG_WARN_UNGUARDED_AVAILABILITY = YES_AGGRESSIVE;
				CLANG_WARN_UNREACHABLE_CODE = YES;
				CLANG_WARN__DUPLICATE_METHOD_MATCH = YES;
				COPY_PHASE_STRIP = NO;
				DEBUG_INFORMATION_FORMAT = dwarf;
				ENABLE_STRICT_OBJC_MSGSEND = YES;
				ENABLE_TESTABILITY = YES;
				ENABLE_USER_SCRIPT_SANDBOXING = YES;
				GCC_C_LANGUAGE_STANDARD = gnu17;
				GCC_DYNAMIC_NO_PIC = NO;
				GCC_NO_COMMON_BLOCKS = YES;
				GCC_OPTIMIZATION_LEVEL = 0;
				GCC_PREPROCESSOR_DEFINITIONS = (
					"DEBUG=1",
					"$(inherited)",
				);
				GCC_WARN_64_TO_32_BIT_CONVERSION = YES;
				GCC_WARN_ABOUT_RETURN_TYPE = YES_ERROR;
				GCC_WARN_UNDECLARED_SELECTOR = YES;
				GCC_WARN_UNINITIALIZED_AUTOS = YES_AGGRESSIVE;
				GCC_WARN_UNUSED_FUNCTION = YES;
				GCC_WARN_UNUSED_VARIABLE = YES;
				IPHONEOS_DEPLOYMENT_TARGET = 17.4;
				LOCALIZATION_PREFERS_STRING_CATALOGS = YES;
				MTL_ENABLE_DEBUG_INFO = INCLUDE_SOURCE;
				MTL_FAST_MATH = YES;
				ONLY_ACTIVE_ARCH = YES;
				SDKROOT = iphoneos;
				SWIFT_ACTIVE_COMPILATION_CONDITIONS = "DEBUG $(inherited)";
				SWIFT_OPTIMIZATION_LEVEL = "-Onone";
			};
			name = Debug;
		};
		8A43539B2D75760900ABB7A0 /* Release */ = {
			isa = XCBuildConfiguration;
			buildSettings = {
				ALWAYS_SEARCH_USER_PATHS = NO;
				ASSETCATALOG_COMPILER_GENERATE_SWIFT_ASSET_SYMBOL_EXTENSIONS = YES;
				CLANG_ANALYZER_NONNULL = YES;
				CLANG_ANALYZER_NUMBER_OBJECT_CONVERSION = YES_AGGRESSIVE;
				CLANG_CXX_LANGUAGE_STANDARD = "gnu++20";
				CLANG_ENABLE_MODULES = YES;
				CLANG_ENABLE_OBJC_ARC = YES;
				CLANG_ENABLE_OBJC_WEAK = YES;
				CLANG_WARN_BLOCK_CAPTURE_AUTORELEASING = YES;
				CLANG_WARN_BOOL_CONVERSION = YES;
				CLANG_WARN_COMMA = YES;
				CLANG_WARN_CONSTANT_CONVERSION = YES;
				CLANG_WARN_DEPRECATED_OBJC_IMPLEMENTATIONS = YES;
				CLANG_WARN_DIRECT_OBJC_ISA_USAGE = YES_ERROR;
				CLANG_WARN_DOCUMENTATION_COMMENTS = YES;
				CLANG_WARN_EMPTY_BODY = YES;
				CLANG_WARN_ENUM_CONVERSION = YES;
				CLANG_WARN_INFINITE_RECURSION = YES;
				CLANG_WARN_INT_CONVERSION = YES;
				CLANG_WARN_NON_LITERAL_NULL_CONVERSION = YES;
				CLANG_WARN_OBJC_IMPLICIT_RETAIN_SELF = YES;
				CLANG_WARN_OBJC_LITERAL_CONVERSION = YES;
				CLANG_WARN_OBJC_ROOT_CLASS = YES_ERROR;
				CLANG_WARN_QUOTED_INCLUDE_IN_FRAMEWORK_HEADER = YES;
				CLANG_WARN_RANGE_LOOP_ANALYSIS = YES;
				CLANG_WARN_STRICT_PROTOTYPES = YES;
				CLANG_WARN_SUSPICIOUS_MOVE = YES;
				CLANG_WARN_UNGUARDED_AVAILABILITY = YES_AGGRESSIVE;
				CLANG_WARN_UNREACHABLE_CODE = YES;
				CLANG_WARN__DUPLICATE_METHOD_MATCH = YES;
				COPY_PHASE_STRIP = NO;
				DEBUG_INFORMATION_FORMAT = "dwarf-with-dsym";
				ENABLE_NS_ASSERTIONS = NO;
				ENABLE_STRICT_OBJC_MSGSEND = YES;
				ENABLE_USER_SCRIPT_SANDBOXING = YES;
				GCC_C_LANGUAGE_STANDARD = gnu17;
				GCC_NO_COMMON_BLOCKS = YES;
				GCC_WARN_64_TO_32_BIT_CONVERSION = YES;
				GCC_WARN_ABOUT_RETURN_TYPE = YES_ERROR;
				GCC_WARN_UNDECLARED_SELECTOR = YES;
				GCC_WARN_UNINITIALIZED_AUTOS = YES_AGGRESSIVE;
				GCC_WARN_UNUSED_FUNCTION = YES;
				GCC_WARN_UNUSED_VARIABLE = YES;
				IPHONEOS_DEPLOYMENT_TARGET = 17.4;
				LOCALIZATION_PREFERS_STRING_CATALOGS = YES;
				MTL_ENABLE_DEBUG_INFO = NO;
				MTL_FAST_MATH = YES;
				SDKROOT = iphoneos;
				SWIFT_COMPILATION_MODE = wholemodule;
				VALIDATE_PRODUCT = YES;
			};
			name = Release;
		};
		8A43539D2D75760900ABB7A0 /* Debug */ = {
			isa = XCBuildConfiguration;
			buildSettings = {
				ASSETCATALOG_COMPILER_APPICON_NAME = AppIcon;
				ASSETCATALOG_COMPILER_GLOBAL_ACCENT_COLOR_NAME = AccentColor;
				CODE_SIGN_IDENTITY = "Apple Development";
				CODE_SIGN_STYLE = Automatic;
				CURRENT_PROJECT_VERSION = 1;
				DEVELOPMENT_TEAM = H335N2747A;
				GENERATE_INFOPLIST_FILE = YES;
				INFOPLIST_FILE = Emotipics/Info.plist;
				INFOPLIST_KEY_UIApplicationSupportsIndirectInputEvents = YES;
				INFOPLIST_KEY_UILaunchStoryboardName = LaunchScreen;
				INFOPLIST_KEY_UIMainStoryboardFile = Main;
				INFOPLIST_KEY_UISupportedInterfaceOrientations_iPad = "UIInterfaceOrientationPortrait UIInterfaceOrientationPortraitUpsideDown UIInterfaceOrientationLandscapeLeft UIInterfaceOrientationLandscapeRight";
				INFOPLIST_KEY_UISupportedInterfaceOrientations_iPhone = "UIInterfaceOrientationPortrait UIInterfaceOrientationLandscapeLeft UIInterfaceOrientationLandscapeRight";
				LD_RUNPATH_SEARCH_PATHS = (
					"$(inherited)",
					"@executable_path/Frameworks",
				);
				MARKETING_VERSION = 1.0;
				PRODUCT_BUNDLE_IDENTIFIER = com.emotipics.Emotipics;
				PRODUCT_NAME = "$(TARGET_NAME)";
				PROVISIONING_PROFILE_SPECIFIER = "";
				SWIFT_EMIT_LOC_STRINGS = YES;
				SWIFT_VERSION = 5.0;
				TARGETED_DEVICE_FAMILY = "1,2";
			};
			name = Debug;
		};
		8A43539E2D75760900ABB7A0 /* Release */ = {
			isa = XCBuildConfiguration;
			buildSettings = {
				ASSETCATALOG_COMPILER_APPICON_NAME = AppIcon;
				ASSETCATALOG_COMPILER_GLOBAL_ACCENT_COLOR_NAME = AccentColor;
				CODE_SIGN_IDENTITY = "Apple Development";
				CODE_SIGN_STYLE = Automatic;
				CURRENT_PROJECT_VERSION = 1;
				DEVELOPMENT_TEAM = H335N2747A;
				GENERATE_INFOPLIST_FILE = YES;
				INFOPLIST_FILE = Emotipics/Info.plist;
				INFOPLIST_KEY_UIApplicationSupportsIndirectInputEvents = YES;
				INFOPLIST_KEY_UILaunchStoryboardName = LaunchScreen;
				INFOPLIST_KEY_UIMainStoryboardFile = Main;
				INFOPLIST_KEY_UISupportedInterfaceOrientations_iPad = "UIInterfaceOrientationPortrait UIInterfaceOrientationPortraitUpsideDown UIInterfaceOrientationLandscapeLeft UIInterfaceOrientationLandscapeRight";
				INFOPLIST_KEY_UISupportedInterfaceOrientations_iPhone = "UIInterfaceOrientationPortrait UIInterfaceOrientationLandscapeLeft UIInterfaceOrientationLandscapeRight";
				LD_RUNPATH_SEARCH_PATHS = (
					"$(inherited)",
					"@executable_path/Frameworks",
				);
				MARKETING_VERSION = 1.0;
				PRODUCT_BUNDLE_IDENTIFIER = com.emotipics.Emotipics;
				PRODUCT_NAME = "$(TARGET_NAME)";
				PROVISIONING_PROFILE_SPECIFIER = "";
				SWIFT_EMIT_LOC_STRINGS = YES;
				SWIFT_VERSION = 5.0;
				TARGETED_DEVICE_FAMILY = "1,2";
			};
			name = Release;
		};
/* End XCBuildConfiguration section */

/* Begin XCConfigurationList section */
		8A4353832D75760600ABB7A0 /* Build configuration list for PBXProject "Emotipics" */ = {
			isa = XCConfigurationList;
			buildConfigurations = (
				8A43539A2D75760900ABB7A0 /* Debug */,
				8A43539B2D75760900ABB7A0 /* Release */,
			);
			defaultConfigurationIsVisible = 0;
			defaultConfigurationName = Release;
		};
		8A43539C2D75760900ABB7A0 /* Build configuration list for PBXNativeTarget "Emotipics" */ = {
			isa = XCConfigurationList;
			buildConfigurations = (
				8A43539D2D75760900ABB7A0 /* Debug */,
				8A43539E2D75760900ABB7A0 /* Release */,
			);
			defaultConfigurationIsVisible = 0;
			defaultConfigurationName = Release;
		};
/* End XCConfigurationList section */

/* Begin XCRemoteSwiftPackageReference section */
		8ABA8AB42D770848003D4727 /* XCRemoteSwiftPackageReference "IQKeyboardManager" */ = {
			isa = XCRemoteSwiftPackageReference;
			repositoryURL = "https://github.com/hackiftekhar/IQKeyboardManager.git";
			requirement = {
				kind = upToNextMajorVersion;
				minimumVersion = 8.0.0;
			};
		};
/* End XCRemoteSwiftPackageReference section */

/* Begin XCSwiftPackageProductDependency section */
		8ABA8AB52D770848003D4727 /* IQKeyboardManagerSwift */ = {
			isa = XCSwiftPackageProductDependency;
			package = 8ABA8AB42D770848003D4727 /* XCRemoteSwiftPackageReference "IQKeyboardManager" */;
			productName = IQKeyboardManagerSwift;
		};
/* End XCSwiftPackageProductDependency section */
	};
	rootObject = 8A4353802D75760600ABB7A0 /* Project object */;
}
